// !$*UTF8*$!
{
	archiveVersion = 1;
	classes = {
	};
	objectVersion = 77;
	objects = {

/* Begin PBXBuildFile section */
		90B3CF482FC569D800BA4136 /* StoreKit.framework in Frameworks */ = {isa = PBXBuildFile; fileRef = 90B3CF472FC569D800BA4136 /* StoreKit.framework */; };
		9D0AE8D3AA9023804BF269D6 /* Pods_Ornit.framework in Frameworks */ = {isa = PBXBuildFile; fileRef = 4753EC25431ADF51A04E89C4 /* Pods_Ornit.framework */; };
/* End PBXBuildFile section */

/* Begin PBXFileReference section */
		4753EC25431ADF51A04E89C4 /* Pods_Ornit.framework */ = {isa = PBXFileReference; explicitFileType = wrapper.framework; includeInIndex = 0; path = Pods_Ornit.framework; sourceTree = BUILT_PRODUCTS_DIR; };
		90B3CF2D2FC569C400BA4136 /* Ornit.app */ = {isa = PBXFileReference; explicitFileType = wrapper.application; includeInIndex = 0; path = Ornit.app; sourceTree = BUILT_PRODUCTS_DIR; };
		90B3CF472FC569D800BA4136 /* StoreKit.framework */ = {isa = PBXFileReference; lastKnownFileType = wrapper.framework; name = StoreKit.framework; path = System/Library/Frameworks/StoreKit.framework; sourceTree = SDKROOT; };
		A5EBE8FB9EC7A53521820EB8 /* Pods-Ornit.release.xcconfig */ = {isa = PBXFileReference; includeInIndex = 1; lastKnownFileType = text.xcconfig; name = "Pods-Ornit.release.xcconfig"; path = "Target Support Files/Pods-Ornit/Pods-Ornit.release.xcconfig"; sourceTree = "<group>"; };
		C810A84601A0E1832022324F /* Pods-Ornit.debug.xcconfig */ = {isa = PBXFileReference; includeInIndex = 1; lastKnownFileType = text.xcconfig; name = "Pods-Ornit.debug.xcconfig"; path = "Target Support Files/Pods-Ornit/Pods-Ornit.debug.xcconfig"; sourceTree = "<group>"; };
/* End PBXFileReference section */

/* Begin PBXFileSystemSynchronizedBuildFileExceptionSet section */
		90B3CF3F2FC569C500BA4136 /* Exceptions for "Ornit" folder in "Ornit" target */ = {
			isa = PBXFileSystemSynchronizedBuildFileExceptionSet;
			membershipExceptions = (
				Info.plist,
			);
			target = 90B3CF2C2FC569C400BA4136 /* Ornit */;
		};
/* End PBXFileSystemSynchronizedBuildFileExceptionSet section */

/* Begin PBXFileSystemSynchronizedRootGroup section */
		90B3CF2F2FC569C400BA4136 /* Ornit */ = {
			isa = PBXFileSystemSynchronizedRootGroup;
			exceptions = (
				90B3CF3F2FC569C500BA4136 /* Exceptions for "Ornit" folder in "Ornit" target */,
			);
			path = Ornit;
			sourceTree = "<group>";
		};
/* End PBXFileSystemSynchronizedRootGroup section */

/* Begin PBXFrameworksBuildPhase section */
		90B3CF2A2FC569C400BA4136 /* Frameworks */ = {
			isa = PBXFrameworksBuildPhase;
			buildActionMask = 2147483647;
			files = (
				90B3CF482FC569D800BA4136 /* StoreKit.framework in Frameworks */,
				9D0AE8D3AA9023804BF269D6 /* Pods_Ornit.framework in Frameworks */,
			);
			runOnlyForDeploymentPostprocessing = 0;
		};
/* End PBXFrameworksBuildPhase section */

/* Begin PBXGroup section */
		29618F482019656B76386EE0 /* Pods */ = {
			isa = PBXGroup;
			children = (
				C810A84601A0E1832022324F /* Pods-Ornit.debug.xcconfig */,
				A5EBE8FB9EC7A53521820EB8 /* Pods-Ornit.release.xcconfig */,
			);
			path = Pods;
			sourceTree = "<group>";
		};
		90B3CF242FC569C300BA4136 = {
			isa = PBXGroup;
			children = (
				90B3CF2F2FC569C400BA4136 /* Ornit */,
				90B3CF462FC569D800BA4136 /* Frameworks */,
				90B3CF2E2FC569C400BA4136 /* Products */,
				29618F482019656B76386EE0 /* Pods */,
			);
			sourceTree = "<group>";
		};
		90B3CF2E2FC569C400BA4136 /* Products */ = {
			isa = PBXGroup;
			children = (
				90B3CF2D2FC569C400BA4136 /* Ornit.app */,
			);
			name = Products;
			sourceTree = "<group>";
		};
		90B3CF462FC569D800BA4136 /* Frameworks */ = {
			isa = PBXGroup;
			children = (
				90B3CF472FC569D800BA4136 /* StoreKit.framework */,
				4753EC25431ADF51A04E89C4 /* Pods_Ornit.framework */,
			);
			name = Frameworks;
			sourceTree = "<group>";
		};
/* End PBXGroup section */

/* Begin PBXNativeTarget section */
		90B3CF2C2FC569C400BA4136 /* Ornit */ = {
			isa = PBXNativeTarget;
			buildConfigurationList = 90B3CF402FC569C500BA4136 /* Build configuration list for PBXNativeTarget "Ornit" */;
			buildPhases = (
				2AE54BD517BE4C7843F89819 /* [CP] Check Pods Manifest.lock */,
				90B3CF292FC569C400BA4136 /* Sources */,
				90B3CF2A2FC569C400BA4136 /* Frameworks */,
				90B3CF2B2FC569C400BA4136 /* Resources */,
				B4FC780C90FA1F0841B8BBCE /* [CP] Embed Pods Frameworks */,
				153348C9499051009EC4A286 /* [CP] Copy Pods Resources */,
			);
			buildRules = (
			);
			dependencies = (
			);
			fileSystemSynchronizedGroups = (
				90B3CF2F2FC569C400BA4136 /* Ornit */,
			);
			name = Ornit;
			productName = Ornit;
			productReference = 90B3CF2D2FC569C400BA4136 /* Ornit.app */;
			productType = "com.apple.product-type.application";
		};
/* End PBXNativeTarget section */

/* Begin PBXProject section */
		90B3CF252FC569C300BA4136 /* Project object */ = {
			isa = PBXProject;
			attributes = {
				BuildIndependentTargetsInParallel = 1;
				LastSwiftUpdateCheck = 2600;
				LastUpgradeCheck = 2600;
				TargetAttributes = {
					90B3CF2C2FC569C400BA4136 = {
						CreatedOnToolsVersion = 26.0.1;
					};
				};
			};
			buildConfigurationList = 90B3CF282FC569C300BA4136 /* Build configuration list for PBXProject "Ornit" */;
			developmentRegion = en;
			hasScannedForEncodings = 0;
			knownRegions = (
				en,
				Base,
			);
			mainGroup = 90B3CF242FC569C300BA4136;
			minimizedProjectReferenceProxies = 1;
			preferredProjectObjectVersion = 77;
			productRefGroup = 90B3CF2E2FC569C400BA4136 /* Products */;
			projectDirPath = "";
			projectRoot = "";
			targets = (
				90B3CF2C2FC569C400BA4136 /* Ornit */,
			);
		};
/* End PBXProject section */

/* Begin PBXResourcesBuildPhase section */
		90B3CF2B2FC569C400BA4136 /* Resources */ = {
			isa = PBXResourcesBuildPhase;
			buildActionMask = 2147483647;
			files = (
			);
			runOnlyForDeploymentPostprocessing = 0;
		};
/* End PBXResourcesBuildPhase section */

/* Begin PBXShellScriptBuildPhase section */
		153348C9499051009EC4A286 /* [CP] Copy Pods Resources */ = {
			isa = PBXShellScriptBuildPhase;
			buildActionMask = 2147483647;
			files = (
			);
			inputFileListPaths = (
				"${PODS_ROOT}/Target Support Files/Pods-Ornit/Pods-Ornit-resources-${CONFIGURATION}-input-files.xcfilelist",
			);
			inputPaths = (
			);
			name = "[CP] Copy Pods Resources";
			outputFileListPaths = (
				"${PODS_ROOT}/Target Support Files/Pods-Ornit/Pods-Ornit-resources-${CONFIGURATION}-output-files.xcfilelist",
			);
			outputPaths = (
			);
			runOnlyForDeploymentPostprocessing = 0;
			shellPath = /bin/sh;
			shellScript = "\"${PODS_ROOT}/Target Support Files/Pods-Ornit/Pods-Ornit-resources.sh\"\n";
			showEnvVarsInLog = 0;
		};
		2AE54BD517BE4C7843F89819 /* [CP] Check Pods Manifest.lock */ = {
			isa = PBXShellScriptBuildPhase;
			buildActionMask = 2147483647;
			files = (
			);
			inputFileListPaths = (
			);
			inputPaths = (
				"${PODS_PODFILE_DIR_PATH}/Podfile.lock",
				"${PODS_ROOT}/Manifest.lock",
			);
			name = "[CP] Check Pods Manifest.lock";
			outputFileListPaths = (
			);
			outputPaths = (
				"$(DERIVED_FILE_DIR)/Pods-Ornit-checkManifestLockResult.txt",
			);
			runOnlyForDeploymentPostprocessing = 0;
			shellPath = /bin/sh;
			shellScript = "diff \"${PODS_PODFILE_DIR_PATH}/Podfile.lock\" \"${PODS_ROOT}/Manifest.lock\" > /dev/null\nif [ $? != 0 ] ; then\n    # print error to STDERR\n    echo \"error: The sandbox is not in sync with the Podfile.lock. Run 'pod install' or update your CocoaPods installation.\" >&2\n    exit 1\nfi\n# This output is used by Xcode 'outputs' to avoid re-running this script phase.\necho \"SUCCESS\" > \"${SCRIPT_OUTPUT_FILE_0}\"\n";
			showEnvVarsInLog = 0;
		};
		B4FC780C90FA1F0841B8BBCE /* [CP] Embed Pods Frameworks */ = {
			isa = PBXShellScriptBuildPhase;
			buildActionMask = 2147483647;
			files = (
			);
			inputFileListPaths = (
				"${PODS_ROOT}/Target Support Files/Pods-Ornit/Pods-Ornit-frameworks-${CONFIGURATION}-input-files.xcfilelist",
			);
			inputPaths = (
			);
			name = "[CP] Embed Pods Frameworks";
			outputFileListPaths = (
				"${PODS_ROOT}/Target Support Files/Pods-Ornit/Pods-Ornit-frameworks-${CONFIGURATION}-output-files.xcfilelist",
			);
			outputPaths = (
			);
			runOnlyForDeploymentPostprocessing = 0;
			shellPath = /bin/sh;
			shellScript = "\"${PODS_ROOT}/Target Support Files/Pods-Ornit/Pods-Ornit-frameworks.sh\"\n";
			showEnvVarsInLog = 0;
		};
/* End PBXShellScriptBuildPhase section */

/* Begin PBXSourcesBuildPhase section */
		90B3CF292FC569C400BA4136 /* Sources */ = {
			isa = PBXSourcesBuildPhase;
			buildActionMask = 2147483647;
			files = (
			);
			runOnlyForDeploymentPostprocessing = 0;
		};
/* End PBXSourcesBuildPhase section */

/* Begin XCBuildConfiguration section */
		90B3CF412FC569C500BA4136 /* Debug */ = {
			isa = XCBuildConfiguration;
			baseConfigurationReference = C810A84601A0E1832022324F /* Pods-Ornit.debug.xcconfig */;
			buildSettings = {
				ASSETCATALOG_COMPILER_APPICON_NAME = AppIcon;
				ASSETCATALOG_COMPILER_GLOBAL_ACCENT_COLOR_NAME = AccentColor;
				CODE_SIGN_ENTITLEMENTS = Ornit/Ornit.entitlements;
				CODE_SIGN_STYLE = Manual;
				CURRENT_PROJECT_VERSION = 1;
				DEVELOPMENT_TEAM = "";
				ENABLE_USER_SCRIPT_SANDBOXING = NO;
				GENERATE_INFOPLIST_FILE = YES;
				INFOPLIST_FILE = Ornit/Info.plist;
				INFOPLIST_KEY_NSCameraUsageDescription = "Ornit needs your consent to access the camera to shoot personal works/personal portraits. If prohibited, you will not be able to take photos or update information.";
				INFOPLIST_KEY_NSLocationAlwaysAndWhenInUseUsageDescription = "Ornit requires your consent to obtain location information when using it in order to upload photos or update avatars. If prohibited, you will not be able to publish works/update avatars.";
				INFOPLIST_KEY_NSLocationAlwaysUsageDescription = "Ornit requires your consent to obtain location information when using it in order to upload photos or update avatars. If prohibited, you will not be able to publish works/update avatars.";
				INFOPLIST_KEY_NSLocationWhenInUseUsageDescription = "Ornit requires your consent to obtain location information when using it in order to upload photos or update avatars. If prohibited, you will not be able to publish works/update avatars.";
				INFOPLIST_KEY_NSMicrophoneUsageDescription = "Ornit needs your permission to access the microphone. If blocked, you will not be able to send audio messages to users.";
				INFOPLIST_KEY_NSPhotoLibraryAddUsageDescription = "Ornit needs your consent to access the album in order to save the work. If it is prohibited, you will not be able to save your work to the album.";
				INFOPLIST_KEY_NSPhotoLibraryUsageDescription = "Ornit needs your consent to access the album to select photos to upload/publish works/update avatars. If prohibited, you will not be able to upload selected photos to upload/publish works/update avatars.";
				INFOPLIST_KEY_UIApplicationSupportsIndirectInputEvents = YES;
				INFOPLIST_KEY_UILaunchStoryboardName = LaunchScreen;
				INFOPLIST_KEY_UIMainStoryboardFile = "";
				INFOPLIST_KEY_UISupportedInterfaceOrientations = UIInterfaceOrientationPortrait;
				INFOPLIST_KEY_UISupportedInterfaceOrientations_iPad = "UIInterfaceOrientationLandscapeLeft UIInterfaceOrientationLandscapeRight UIInterfaceOrientationPortrait UIInterfaceOrientationPortraitUpsideDown";
				IPHONEOS_DEPLOYMENT_TARGET = 15.0;
				LD_RUNPATH_SEARCH_PATHS = (
					"$(inherited)",
					"@executable_path/Frameworks",
				);
				MARKETING_VERSION = 1.0.0;
				PRODUCT_BUNDLE_IDENTIFIER = com.birdwatch.daily;
				PRODUCT_NAME = "$(TARGET_NAME)";
				PROVISIONING_PROFILE_SPECIFIER = "";
				STRING_CATALOG_GENERATE_SYMBOLS = YES;
				SUPPORTED_PLATFORMS = "iphoneos iphonesimulator";
				SUPPORTS_MACCATALYST = NO;
				SUPPORTS_MAC_DESIGNED_FOR_IPHONE_IPAD = NO;
				SUPPORTS_XR_DESIGNED_FOR_IPHONE_IPAD = NO;
				SWIFT_APPROACHABLE_CONCURRENCY = YES;
				SWIFT_DEFAULT_ACTOR_ISOLATION = MainActor;
				SWIFT_EMIT_LOC_STRINGS = YES;
				SWIFT_UPCOMING_FEATURE_MEMBER_IMPORT_VISIBILITY = YES;
				SWIFT_VERSION = 5.0;
				TARGETED_DEVICE_FAMILY = 1;
			};
			name = Debug;
		};
		90B3CF422FC569C500BA4136 /* Release */ = {
			isa = XCBuildConfiguration;
			baseConfigurationReference = A5EBE8FB9EC7A53521820EB8 /* Pods-Ornit.release.xcconfig */;
			buildSettings = {
				ASSETCATALOG_COMPILER_APPICON_NAME = AppIcon;
				ASSETCATALOG_COMPILER_GLOBAL_ACCENT_COLOR_NAME = AccentColor;
				CODE_SIGN_ENTITLEMENTS = Ornit/Ornit.entitlements;
				CODE_SIGN_STYLE = Manual;
				CURRENT_PROJECT_VERSION = 1;
				DEVELOPMENT_TEAM = "";
				ENABLE_USER_SCRIPT_SANDBOXING = NO;
				GENERATE_INFOPLIST_FILE = YES;
				INFOPLIST_FILE = Ornit/Info.plist;
				INFOPLIST_KEY_NSCameraUsageDescription = "Ornit needs your consent to access the camera to shoot personal works/personal portraits. If prohibited, you will not be able to take photos or update information.";
				INFOPLIST_KEY_NSLocationAlwaysAndWhenInUseUsageDescription = "Ornit requires your consent to obtain location information when using it in order to upload photos or update avatars. If prohibited, you will not be able to publish works/update avatars.";
				INFOPLIST_KEY_NSLocationAlwaysUsageDescription = "Ornit requires your consent to obtain location information when using it in order to upload photos or update avatars. If prohibited, you will not be able to publish works/update avatars.";
				INFOPLIST_KEY_NSLocationWhenInUseUsageDescription = "Ornit requires your consent to obtain location information when using it in order to upload photos or update avatars. If prohibited, you will not be able to publish works/update avatars.";
				INFOPLIST_KEY_NSMicrophoneUsageDescription = "Ornit needs your permission to access the microphone. If blocked, you will not be able to send audio messages to users.";
				INFOPLIST_KEY_NSPhotoLibraryAddUsageDescription = "Ornit needs your consent to access the album in order to save the work. If it is prohibited, you will not be able to save your work to the album.";
				INFOPLIST_KEY_NSPhotoLibraryUsageDescription = "Ornit needs your consent to access the album to select photos to upload/publish works/update avatars. If prohibited, you will not be able to upload selected photos to upload/publish works/update avatars.";
				INFOPLIST_KEY_UIApplicationSupportsIndirectInputEvents = YES;
				INFOPLIST_KEY_UILaunchStoryboardName = LaunchScreen;
				INFOPLIST_KEY_UIMainStoryboardFile = "";
				INFOPLIST_KEY_UISupportedInterfaceOrientations = UIInterfaceOrientationPortrait;
				INFOPLIST_KEY_UISupportedInterfaceOrientations_iPad = "UIInterfaceOrientationLandscapeLeft UIInterfaceOrientationLandscapeRight UIInterfaceOrientationPortrait UIInterfaceOrientationPortraitUpsideDown";
				IPHONEOS_DEPLOYMENT_TARGET = 15.0;
				LD_RUNPATH_SEARCH_PATHS = (
					"$(inherited)",
					"@executable_path/Frameworks",
				);
				MARKETING_VERSION = 1.0.0;
				PRODUCT_BUNDLE_IDENTIFIER = com.birdwatch.daily;
				PRODUCT_NAME = "$(TARGET_NAME)";
				PROVISIONING_PROFILE_SPECIFIER = "";
				STRING_CATALOG_GENERATE_SYMBOLS = YES;
				SUPPORTED_PLATFORMS = "iphoneos iphonesimulator";
				SUPPORTS_MACCATALYST = NO;
				SUPPORTS_MAC_DESIGNED_FOR_IPHONE_IPAD = NO;
				SUPPORTS_XR_DESIGNED_FOR_IPHONE_IPAD = NO;
				SWIFT_APPROACHABLE_CONCURRENCY = YES;
				SWIFT_DEFAULT_ACTOR_ISOLATION = MainActor;
				SWIFT_EMIT_LOC_STRINGS = YES;
				SWIFT_UPCOMING_FEATURE_MEMBER_IMPORT_VISIBILITY = YES;
				SWIFT_VERSION = 5.0;
				TARGETED_DEVICE_FAMILY = 1;
			};
			name = Release;
		};
		90B3CF432FC569C500BA4136 /* Debug */ = {
			isa = XCBuildConfiguration;
			buildSettings = {
				ALWAYS_SEARCH_USER_PATHS = NO;
				ASSETCATALOG_COMPILER_GENERATE_SWIFT_ASSET_SYMBOL_EXTENSIONS = YES;
				CLANG_ANALYZER_NONNULL = YES;
				CLANG_ANALYZER_NUMBER_OBJECT_CONVERSION = YES_AGGRESSIVE;
				CLANG_CXX_LANGUAGE_STANDARD = "gnu++20";
				CLANG_ENABLE_MODULES = YES;
				CLANG_ENABLE_OBJC_ARC = YES;
				CLANG_ENABLE_OBJC_WEAK = YES;
				CLANG_WARN_BLOCK_CAPTURE_AUTORELEASING = YES;
				CLANG_WARN_BOOL_CONVERSION = YES;
				CLANG_WARN_COMMA = YES;
				CLANG_WARN_CONSTANT_CONVERSION = YES;
				CLANG_WARN_DEPRECATED_OBJC_IMPLEMENTATIONS = YES;
				CLANG_WARN_DIRECT_OBJC_ISA_USAGE = YES_ERROR;
				CLANG_WARN_DOCUMENTATION_COMMENTS = YES;
				CLANG_WARN_EMPTY_BODY = YES;
				CLANG_WARN_ENUM_CONVERSION = YES;
				CLANG_WARN_INFINITE_RECURSION = YES;
				CLANG_WARN_INT_CONVERSION = YES;
				CLANG_WARN_NON_LITERAL_NULL_CONVERSION = YES;
				CLANG_WARN_OBJC_IMPLICIT_RETAIN_SELF = YES;
				CLANG_WARN_OBJC_LITERAL_CONVERSION = YES;
				CLANG_WARN_OBJC_ROOT_CLASS = YES_ERROR;
				CLANG_WARN_QUOTED_INCLUDE_IN_FRAMEWORK_HEADER = YES;
				CLANG_WARN_RANGE_LOOP_ANALYSIS = YES;
				CLANG_WARN_STRICT_PROTOTYPES = YES;
				CLANG_WARN_SUSPICIOUS_MOVE = YES;
				CLANG_WARN_UNGUARDED_AVAILABILITY = YES_AGGRESSIVE;
				CLANG_WARN_UNREACHABLE_CODE = YES;
				CLANG_WARN__DUPLICATE_METHOD_MATCH = YES;
				COPY_PHASE_STRIP = NO;
				DEBUG_INFORMATION_FORMAT = dwarf;
				ENABLE_STRICT_OBJC_MSGSEND = YES;
				ENABLE_TESTABILITY = YES;
				ENABLE_USER_SCRIPT_SANDBOXING = YES;
				GCC_C_LANGUAGE_STANDARD = gnu17;
				GCC_DYNAMIC_NO_PIC = NO;
				GCC_NO_COMMON_BLOCKS = YES;
				GCC_OPTIMIZATION_LEVEL = 0;
				GCC_PREPROCESSOR_DEFINITIONS = (
					"DEBUG=1",
					"$(inherited)",
				);
				GCC_WARN_64_TO_32_BIT_CONVERSION = YES;
				GCC_WARN_ABOUT_RETURN_TYPE = YES_ERROR;
				GCC_WARN_UNDECLARED_SELECTOR = YES;
				GCC_WARN_UNINITIALIZED_AUTOS = YES_AGGRESSIVE;
				GCC_WARN_UNUSED_FUNCTION = YES;
				GCC_WARN_UNUSED_VARIABLE = YES;
				IPHONEOS_DEPLOYMENT_TARGET = 26.0;
				LOCALIZATION_PREFERS_STRING_CATALOGS = YES;
				MTL_ENABLE_DEBUG_INFO = INCLUDE_SOURCE;
				MTL_FAST_MATH = YES;
				ONLY_ACTIVE_ARCH = YES;
				SDKROOT = iphoneos;
				SWIFT_ACTIVE_COMPILATION_CONDITIONS = "DEBUG $(inherited)";
				SWIFT_OPTIMIZATION_LEVEL = "-Onone";
			};
			name = Debug;
		};
		90B3CF442FC569C500BA4136 /* Release */ = {
			isa = XCBuildConfiguration;
			buildSettings = {
				ALWAYS_SEARCH_USER_PATHS = NO;
				ASSETCATALOG_COMPILER_GENERATE_SWIFT_ASSET_SYMBOL_EXTENSIONS = YES;
				CLANG_ANALYZER_NONNULL = YES;
				CLANG_ANALYZER_NUMBER_OBJECT_CONVERSION = YES_AGGRESSIVE;
				CLANG_CXX_LANGUAGE_STANDARD = "gnu++20";
				CLANG_ENABLE_MODULES = YES;
				CLANG_ENABLE_OBJC_ARC = YES;
				CLANG_ENABLE_OBJC_WEAK = YES;
				CLANG_WARN_BLOCK_CAPTURE_AUTORELEASING = YES;
				CLANG_WARN_BOOL_CONVERSION = YES;
				CLANG_WARN_COMMA = YES;
				CLANG_WARN_CONSTANT_CONVERSION = YES;
				CLANG_WARN_DEPRECATED_OBJC_IMPLEMENTATIONS = YES;
				CLANG_WARN_DIRECT_OBJC_ISA_USAGE = YES_ERROR;
				CLANG_WARN_DOCUMENTATION_COMMENTS = YES;
				CLANG_WARN_EMPTY_BODY = YES;
				CLANG_WARN_ENUM_CONVERSION = YES;
				CLANG_WARN_INFINITE_RECURSION = YES;
				CLANG_WARN_INT_CONVERSION = YES;
				CLANG_WARN_NON_LITERAL_NULL_CONVERSION = YES;
				CLANG_WARN_OBJC_IMPLICIT_RETAIN_SELF = YES;
				CLANG_WARN_OBJC_LITERAL_CONVERSION = YES;
				CLANG_WARN_OBJC_ROOT_CLASS = YES_ERROR;
				CLANG_WARN_QUOTED_INCLUDE_IN_FRAMEWORK_HEADER = YES;
				CLANG_WARN_RANGE_LOOP_ANALYSIS = YES;
				CLANG_WARN_STRICT_PROTOTYPES = YES;
				CLANG_WARN_SUSPICIOUS_MOVE = YES;
				CLANG_WARN_UNGUARDED_AVAILABILITY = YES_AGGRESSIVE;
				CLANG_WARN_UNREACHABLE_CODE = YES;
				CLANG_WARN__DUPLICATE_METHOD_MATCH = YES;
				COPY_PHASE_STRIP = NO;
				DEBUG_INFORMATION_FORMAT = "dwarf-with-dsym";
				ENABLE_NS_ASSERTIONS = NO;
				ENABLE_STRICT_OBJC_MSGSEND = YES;
				ENABLE_USER_SCRIPT_SANDBOXING = YES;
				GCC_C_LANGUAGE_STANDARD = gnu17;
				GCC_NO_COMMON_BLOCKS = YES;
				GCC_WARN_64_TO_32_BIT_CONVERSION = YES;
				GCC_WARN_ABOUT_RETURN_TYPE = YES_ERROR;
				GCC_WARN_UNDECLARED_SELECTOR = YES;
				GCC_WARN_UNINITIALIZED_AUTOS = YES_AGGRESSIVE;
				GCC_WARN_UNUSED_FUNCTION = YES;
				GCC_WARN_UNUSED_VARIABLE = YES;
				IPHONEOS_DEPLOYMENT_TARGET = 26.0;
				LOCALIZATION_PREFERS_STRING_CATALOGS = YES;
				MTL_ENABLE_DEBUG_INFO = NO;
				MTL_FAST_MATH = YES;
				SDKROOT = iphoneos;
				SWIFT_COMPILATION_MODE = wholemodule;
				VALIDATE_PRODUCT = YES;
			};
			name = Release;
		};
/* End XCBuildConfiguration section */

/* Begin XCConfigurationList section */
		90B3CF282FC569C300BA4136 /* Build configuration list for PBXProject "Ornit" */ = {
			isa = XCConfigurationList;
			buildConfigurations = (
				90B3CF432FC569C500BA4136 /* Debug */,
				90B3CF442FC569C500BA4136 /* Release */,
			);
			defaultConfigurationIsVisible = 0;
			defaultConfigurationName = Release;
		};
		90B3CF402FC569C500BA4136 /* Build configuration list for PBXNativeTarget "Ornit" */ = {
			isa = XCConfigurationList;
			buildConfigurations = (
				90B3CF412FC569C500BA4136 /* Debug */,
				90B3CF422FC569C500BA4136 /* Release */,
			);
			defaultConfigurationIsVisible = 0;
			defaultConfigurationName = Release;
		};
/* End XCConfigurationList section */
	};
	rootObject = 90B3CF252FC569C300BA4136 /* Project object */;
}
