// !$*UTF8*$!
{
	archiveVersion = 1;
	classes = {
	};
	objectVersion = 77;
	objects = {

/* Begin PBXBuildFile section */
		0494CEA72F3D7C4900403ACD /* StoreKit.framework in Frameworks */ = {isa = PBXBuildFile; fileRef = 0494CEA62F3D7C4900403ACD /* StoreKit.framework */; };
		A92B1CB4AC273AB9A286A7CE /* Pods_GlassPaint.framework in Frameworks */ = {isa = PBXBuildFile; fileRef = 8712BEB6A4EEDA351A1C3E83 /* Pods_GlassPaint.framework */; };
/* End PBXBuildFile section */

/* Begin PBXFileReference section */
		0494CE8C2F3D7C3400403ACD /* GlassPaint.app */ = {isa = PBXFileReference; explicitFileType = wrapper.application; includeInIndex = 0; path = GlassPaint.app; sourceTree = BUILT_PRODUCTS_DIR; };
		0494CEA62F3D7C4900403ACD /* StoreKit.framework */ = {isa = PBXFileReference; lastKnownFileType = wrapper.framework; name = StoreKit.framework; path = System/Library/Frameworks/StoreKit.framework; sourceTree = SDKROOT; };
		237E1310951DC7416ACBA5EA /* Pods-GlassPaint.debug.xcconfig */ = {isa = PBXFileReference; includeInIndex = 1; lastKnownFileType = text.xcconfig; name = "Pods-GlassPaint.debug.xcconfig"; path = "Target Support Files/Pods-GlassPaint/Pods-GlassPaint.debug.xcconfig"; sourceTree = "<group>"; };
		8712BEB6A4EEDA351A1C3E83 /* Pods_GlassPaint.framework */ = {isa = PBXFileReference; explicitFileType = wrapper.framework; includeInIndex = 0; path = Pods_GlassPaint.framework; sourceTree = BUILT_PRODUCTS_DIR; };
		EEA98670D632C37C35E02C17 /* Pods-GlassPaint.release.xcconfig */ = {isa = PBXFileReference; includeInIndex = 1; lastKnownFileType = text.xcconfig; name = "Pods-GlassPaint.release.xcconfig"; path = "Target Support Files/Pods-GlassPaint/Pods-GlassPaint.release.xcconfig"; sourceTree = "<group>"; };
/* End PBXFileReference section */

/* Begin PBXFileSystemSynchronizedBuildFileExceptionSet section */
		0494CE9E2F3D7C3600403ACD /* Exceptions for "GlassPaint" folder in "GlassPaint" target */ = {
			isa = PBXFileSystemSynchronizedBuildFileExceptionSet;
			membershipExceptions = (
				Info.plist,
			);
			target = 0494CE8B2F3D7C3400403ACD /* GlassPaint */;
		};
/* End PBXFileSystemSynchronizedBuildFileExceptionSet section */

/* Begin PBXFileSystemSynchronizedRootGroup section */
		0494CE8E2F3D7C3400403ACD /* GlassPaint */ = {
			isa = PBXFileSystemSynchronizedRootGroup;
			exceptions = (
				0494CE9E2F3D7C3600403ACD /* Exceptions for "GlassPaint" folder in "GlassPaint" target */,
			);
			path = GlassPaint;
			sourceTree = "<group>";
		};
/* End PBXFileSystemSynchronizedRootGroup section */

/* Begin PBXFrameworksBuildPhase section */
		0494CE892F3D7C3400403ACD /* Frameworks */ = {
			isa = PBXFrameworksBuildPhase;
			buildActionMask = 2147483647;
			files = (
				0494CEA72F3D7C4900403ACD /* StoreKit.framework in Frameworks */,
				A92B1CB4AC273AB9A286A7CE /* Pods_GlassPaint.framework in Frameworks */,
			);
			runOnlyForDeploymentPostprocessing = 0;
		};
/* End PBXFrameworksBuildPhase section */

/* Begin PBXGroup section */
		0494CE832F3D7C3400403ACD = {
			isa = PBXGroup;
			children = (
				0494CE8E2F3D7C3400403ACD /* GlassPaint */,
				0494CEA52F3D7C4900403ACD /* Frameworks */,
				0494CE8D2F3D7C3400403ACD /* Products */,
				BC129476DBEE14EAF10EEDF4 /* Pods */,
			);
			sourceTree = "<group>";
		};
		0494CE8D2F3D7C3400403ACD /* Products */ = {
			isa = PBXGroup;
			children = (
				0494CE8C2F3D7C3400403ACD /* GlassPaint.app */,
			);
			name = Products;
			sourceTree = "<group>";
		};
		0494CEA52F3D7C4900403ACD /* Frameworks */ = {
			isa = PBXGroup;
			children = (
				0494CEA62F3D7C4900403ACD /* StoreKit.framework */,
				8712BEB6A4EEDA351A1C3E83 /* Pods_GlassPaint.framework */,
			);
			name = Frameworks;
			sourceTree = "<group>";
		};
		BC129476DBEE14EAF10EEDF4 /* Pods */ = {
			isa = PBXGroup;
			children = (
				237E1310951DC7416ACBA5EA /* Pods-GlassPaint.debug.xcconfig */,
				EEA98670D632C37C35E02C17 /* Pods-GlassPaint.release.xcconfig */,
			);
			path = Pods;
			sourceTree = "<group>";
		};
/* End PBXGroup section */

/* Begin PBXNativeTarget section */
		0494CE8B2F3D7C3400403ACD /* GlassPaint */ = {
			isa = PBXNativeTarget;
			buildConfigurationList = 0494CE9F2F3D7C3600403ACD /* Build configuration list for PBXNativeTarget "GlassPaint" */;
			buildPhases = (
				4689F56C0E305347A0CAA8AF /* [CP] Check Pods Manifest.lock */,
				0494CE882F3D7C3400403ACD /* Sources */,
				0494CE892F3D7C3400403ACD /* Frameworks */,
				0494CE8A2F3D7C3400403ACD /* Resources */,
				622B7B0FD7BA088E378B6B6F /* [CP] Embed Pods Frameworks */,
				771DDF2991E20209D4E6564C /* [CP] Copy Pods Resources */,
			);
			buildRules = (
			);
			dependencies = (
			);
			fileSystemSynchronizedGroups = (
				0494CE8E2F3D7C3400403ACD /* GlassPaint */,
			);
			name = GlassPaint;
			productName = GlassPaint;
			productReference = 0494CE8C2F3D7C3400403ACD /* GlassPaint.app */;
			productType = "com.apple.product-type.application";
		};
/* End PBXNativeTarget section */

/* Begin PBXProject section */
		0494CE842F3D7C3400403ACD /* Project object */ = {
			isa = PBXProject;
			attributes = {
				BuildIndependentTargetsInParallel = 1;
				LastSwiftUpdateCheck = 2620;
				LastUpgradeCheck = 2620;
				TargetAttributes = {
					0494CE8B2F3D7C3400403ACD = {
						CreatedOnToolsVersion = 26.2;
					};
				};
			};
			buildConfigurationList = 0494CE872F3D7C3400403ACD /* Build configuration list for PBXProject "GlassPaint" */;
			developmentRegion = en;
			hasScannedForEncodings = 0;
			knownRegions = (
				en,
				Base,
			);
			mainGroup = 0494CE832F3D7C3400403ACD;
			minimizedProjectReferenceProxies = 1;
			preferredProjectObjectVersion = 77;
			productRefGroup = 0494CE8D2F3D7C3400403ACD /* Products */;
			projectDirPath = "";
			projectRoot = "";
			targets = (
				0494CE8B2F3D7C3400403ACD /* GlassPaint */,
			);
		};
/* End PBXProject section */

/* Begin PBXResourcesBuildPhase section */
		0494CE8A2F3D7C3400403ACD /* Resources */ = {
			isa = PBXResourcesBuildPhase;
			buildActionMask = 2147483647;
			files = (
			);
			runOnlyForDeploymentPostprocessing = 0;
		};
/* End PBXResourcesBuildPhase section */

/* Begin PBXShellScriptBuildPhase section */
		4689F56C0E305347A0CAA8AF /* [CP] Check Pods Manifest.lock */ = {
			isa = PBXShellScriptBuildPhase;
			buildActionMask = 2147483647;
			files = (
			);
			inputFileListPaths = (
			);
			inputPaths = (
				"${PODS_PODFILE_DIR_PATH}/Podfile.lock",
				"${PODS_ROOT}/Manifest.lock",
			);
			name = "[CP] Check Pods Manifest.lock";
			outputFileListPaths = (
			);
			outputPaths = (
				"$(DERIVED_FILE_DIR)/Pods-GlassPaint-checkManifestLockResult.txt",
			);
			runOnlyForDeploymentPostprocessing = 0;
			shellPath = /bin/sh;
			shellScript = "diff \"${PODS_PODFILE_DIR_PATH}/Podfile.lock\" \"${PODS_ROOT}/Manifest.lock\" > /dev/null\nif [ $? != 0 ] ; then\n    # print error to STDERR\n    echo \"error: The sandbox is not in sync with the Podfile.lock. Run 'pod install' or update your CocoaPods installation.\" >&2\n    exit 1\nfi\n# This output is used by Xcode 'outputs' to avoid re-running this script phase.\necho \"SUCCESS\" > \"${SCRIPT_OUTPUT_FILE_0}\"\n";
			showEnvVarsInLog = 0;
		};
		622B7B0FD7BA088E378B6B6F /* [CP] Embed Pods Frameworks */ = {
			isa = PBXShellScriptBuildPhase;
			buildActionMask = 2147483647;
			files = (
			);
			inputFileListPaths = (
				"${PODS_ROOT}/Target Support Files/Pods-GlassPaint/Pods-GlassPaint-frameworks-${CONFIGURATION}-input-files.xcfilelist",
			);
			inputPaths = (
			);
			name = "[CP] Embed Pods Frameworks";
			outputFileListPaths = (
				"${PODS_ROOT}/Target Support Files/Pods-GlassPaint/Pods-GlassPaint-frameworks-${CONFIGURATION}-output-files.xcfilelist",
			);
			outputPaths = (
			);
			runOnlyForDeploymentPostprocessing = 0;
			shellPath = /bin/sh;
			shellScript = "\"${PODS_ROOT}/Target Support Files/Pods-GlassPaint/Pods-GlassPaint-frameworks.sh\"\n";
			showEnvVarsInLog = 0;
		};
		771DDF2991E20209D4E6564C /* [CP] Copy Pods Resources */ = {
			isa = PBXShellScriptBuildPhase;
			buildActionMask = 2147483647;
			files = (
			);
			inputFileListPaths = (
				"${PODS_ROOT}/Target Support Files/Pods-GlassPaint/Pods-GlassPaint-resources-${CONFIGURATION}-input-files.xcfilelist",
			);
			inputPaths = (
			);
			name = "[CP] Copy Pods Resources";
			outputFileListPaths = (
				"${PODS_ROOT}/Target Support Files/Pods-GlassPaint/Pods-GlassPaint-resources-${CONFIGURATION}-output-files.xcfilelist",
			);
			outputPaths = (
			);
			runOnlyForDeploymentPostprocessing = 0;
			shellPath = /bin/sh;
			shellScript = "\"${PODS_ROOT}/Target Support Files/Pods-GlassPaint/Pods-GlassPaint-resources.sh\"\n";
			showEnvVarsInLog = 0;
		};
/* End PBXShellScriptBuildPhase section */

/* Begin PBXSourcesBuildPhase section */
		0494CE882F3D7C3400403ACD /* Sources */ = {
			isa = PBXSourcesBuildPhase;
			buildActionMask = 2147483647;
			files = (
			);
			runOnlyForDeploymentPostprocessing = 0;
		};
/* End PBXSourcesBuildPhase section */

/* Begin XCBuildConfiguration section */
		0494CEA02F3D7C3600403ACD /* Debug */ = {
			isa = XCBuildConfiguration;
			baseConfigurationReference = 237E1310951DC7416ACBA5EA /* Pods-GlassPaint.debug.xcconfig */;
			buildSettings = {
				ASSETCATALOG_COMPILER_APPICON_NAME = AppIcon;
				ASSETCATALOG_COMPILER_GLOBAL_ACCENT_COLOR_NAME = AccentColor;
				CODE_SIGN_ENTITLEMENTS = GlassPaint/GlassPaint.entitlements;
				CODE_SIGN_STYLE = Manual;
				CURRENT_PROJECT_VERSION = 1;
				DEVELOPMENT_TEAM = "";
				ENABLE_USER_SCRIPT_SANDBOXING = NO;
				GENERATE_INFOPLIST_FILE = YES;
				INFOPLIST_FILE = GlassPaint/Info.plist;
				INFOPLIST_KEY_NSCameraUsageDescription = "GlassPaint needs your consent to access the camera to shoot personal works/personal portraits. If prohibited, you will not be able to take photos or update information.";
				INFOPLIST_KEY_NSLocationAlwaysAndWhenInUseUsageDescription = "GlassPaint requires your consent to obtain location information when using it in order to upload photos or update avatars. If prohibited, you will not be able to publish works/update avatars.";
				INFOPLIST_KEY_NSLocationAlwaysUsageDescription = "GlassPaint requires your consent to obtain location information when using it in order to upload photos or update avatars. If prohibited, you will not be able to publish works/update avatars.";
				INFOPLIST_KEY_NSLocationWhenInUseUsageDescription = "GlassPaint requires your consent to obtain location information when using it in order to upload photos or update avatars. If prohibited, you will not be able to publish works/update avatars.";
				INFOPLIST_KEY_NSMicrophoneUsageDescription = "GlassPaint needs your permission to access the microphone. If blocked, you will not be able to send audio messages to users.";
				INFOPLIST_KEY_NSPhotoLibraryAddUsageDescription = "GlassPaint needs your consent to access the album in order to save the work. If it is prohibited, you will not be able to save your work to the album.";
				INFOPLIST_KEY_NSPhotoLibraryUsageDescription = "GlassPaint needs your consent to access the album to select photos to upload/publish works/update avatars. If prohibited, you will not be able to upload selected photos to upload/publish works/update avatars.";
				INFOPLIST_KEY_UIApplicationSupportsIndirectInputEvents = YES;
				INFOPLIST_KEY_UILaunchStoryboardName = LaunchScreen;
				INFOPLIST_KEY_UIMainStoryboardFile = "";
				INFOPLIST_KEY_UISupportedInterfaceOrientations = UIInterfaceOrientationPortrait;
				INFOPLIST_KEY_UISupportedInterfaceOrientations_iPad = "UIInterfaceOrientationLandscapeLeft UIInterfaceOrientationLandscapeRight UIInterfaceOrientationPortrait UIInterfaceOrientationPortraitUpsideDown";
				IPHONEOS_DEPLOYMENT_TARGET = 15.0;
				LD_RUNPATH_SEARCH_PATHS = (
					"$(inherited)",
					"@executable_path/Frameworks",
				);
				MARKETING_VERSION = 1.0;
				PRODUCT_BUNDLE_IDENTIFIER = com.sne.GlassPaint;
				PRODUCT_NAME = "$(TARGET_NAME)";
				PROVISIONING_PROFILE_SPECIFIER = "";
				STRING_CATALOG_GENERATE_SYMBOLS = YES;
				SUPPORTED_PLATFORMS = "iphoneos iphonesimulator";
				SUPPORTS_MACCATALYST = NO;
				SUPPORTS_MAC_DESIGNED_FOR_IPHONE_IPAD = NO;
				SUPPORTS_XR_DESIGNED_FOR_IPHONE_IPAD = NO;
				SWIFT_APPROACHABLE_CONCURRENCY = YES;
				SWIFT_DEFAULT_ACTOR_ISOLATION = MainActor;
				SWIFT_EMIT_LOC_STRINGS = YES;
				SWIFT_UPCOMING_FEATURE_MEMBER_IMPORT_VISIBILITY = YES;
				SWIFT_VERSION = 5.0;
				TARGETED_DEVICE_FAMILY = 1;
			};
			name = Debug;
		};
		0494CEA12F3D7C3600403ACD /* Release */ = {
			isa = XCBuildConfiguration;
			baseConfigurationReference = EEA98670D632C37C35E02C17 /* Pods-GlassPaint.release.xcconfig */;
			buildSettings = {
				ASSETCATALOG_COMPILER_APPICON_NAME = AppIcon;
				ASSETCATALOG_COMPILER_GLOBAL_ACCENT_COLOR_NAME = AccentColor;
				CODE_SIGN_ENTITLEMENTS = GlassPaint/GlassPaint.entitlements;
				CODE_SIGN_STYLE = Manual;
				CURRENT_PROJECT_VERSION = 1;
				DEVELOPMENT_TEAM = "";
				ENABLE_USER_SCRIPT_SANDBOXING = NO;
				GENERATE_INFOPLIST_FILE = YES;
				INFOPLIST_FILE = GlassPaint/Info.plist;
				INFOPLIST_KEY_NSCameraUsageDescription = "GlassPaint needs your consent to access the camera to shoot personal works/personal portraits. If prohibited, you will not be able to take photos or update information.";
				INFOPLIST_KEY_NSLocationAlwaysAndWhenInUseUsageDescription = "GlassPaint requires your consent to obtain location information when using it in order to upload photos or update avatars. If prohibited, you will not be able to publish works/update avatars.";
				INFOPLIST_KEY_NSLocationAlwaysUsageDescription = "GlassPaint requires your consent to obtain location information when using it in order to upload photos or update avatars. If prohibited, you will not be able to publish works/update avatars.";
				INFOPLIST_KEY_NSLocationWhenInUseUsageDescription = "GlassPaint requires your consent to obtain location information when using it in order to upload photos or update avatars. If prohibited, you will not be able to publish works/update avatars.";
				INFOPLIST_KEY_NSMicrophoneUsageDescription = "GlassPaint needs your permission to access the microphone. If blocked, you will not be able to send audio messages to users.";
				INFOPLIST_KEY_NSPhotoLibraryAddUsageDescription = "GlassPaint needs your consent to access the album in order to save the work. If it is prohibited, you will not be able to save your work to the album.";
				INFOPLIST_KEY_NSPhotoLibraryUsageDescription = "GlassPaint needs your consent to access the album to select photos to upload/publish works/update avatars. If prohibited, you will not be able to upload selected photos to upload/publish works/update avatars.";
				INFOPLIST_KEY_UIApplicationSupportsIndirectInputEvents = YES;
				INFOPLIST_KEY_UILaunchStoryboardName = LaunchScreen;
				INFOPLIST_KEY_UIMainStoryboardFile = "";
				INFOPLIST_KEY_UISupportedInterfaceOrientations = UIInterfaceOrientationPortrait;
				INFOPLIST_KEY_UISupportedInterfaceOrientations_iPad = "UIInterfaceOrientationLandscapeLeft UIInterfaceOrientationLandscapeRight UIInterfaceOrientationPortrait UIInterfaceOrientationPortraitUpsideDown";
				IPHONEOS_DEPLOYMENT_TARGET = 15.0;
				LD_RUNPATH_SEARCH_PATHS = (
					"$(inherited)",
					"@executable_path/Frameworks",
				);
				MARKETING_VERSION = 1.0;
				PRODUCT_BUNDLE_IDENTIFIER = com.sne.GlassPaint;
				PRODUCT_NAME = "$(TARGET_NAME)";
				PROVISIONING_PROFILE_SPECIFIER = "";
				STRING_CATALOG_GENERATE_SYMBOLS = YES;
				SUPPORTED_PLATFORMS = "iphoneos iphonesimulator";
				SUPPORTS_MACCATALYST = NO;
				SUPPORTS_MAC_DESIGNED_FOR_IPHONE_IPAD = NO;
				SUPPORTS_XR_DESIGNED_FOR_IPHONE_IPAD = NO;
				SWIFT_APPROACHABLE_CONCURRENCY = YES;
				SWIFT_DEFAULT_ACTOR_ISOLATION = MainActor;
				SWIFT_EMIT_LOC_STRINGS = YES;
				SWIFT_UPCOMING_FEATURE_MEMBER_IMPORT_VISIBILITY = YES;
				SWIFT_VERSION = 5.0;
				TARGETED_DEVICE_FAMILY = 1;
			};
			name = Release;
		};
		0494CEA22F3D7C3600403ACD /* Debug */ = {
			isa = XCBuildConfiguration;
			buildSettings = {
				ALWAYS_SEARCH_USER_PATHS = NO;
				ASSETCATALOG_COMPILER_GENERATE_SWIFT_ASSET_SYMBOL_EXTENSIONS = YES;
				CLANG_ANALYZER_NONNULL = YES;
				CLANG_ANALYZER_NUMBER_OBJECT_CONVERSION = YES_AGGRESSIVE;
				CLANG_CXX_LANGUAGE_STANDARD = "gnu++20";
				CLANG_ENABLE_MODULES = YES;
				CLANG_ENABLE_OBJC_ARC = YES;
				CLANG_ENABLE_OBJC_WEAK = YES;
				CLANG_WARN_BLOCK_CAPTURE_AUTORELEASING = YES;
				CLANG_WARN_BOOL_CONVERSION = YES;
				CLANG_WARN_COMMA = YES;
				CLANG_WARN_CONSTANT_CONVERSION = YES;
				CLANG_WARN_DEPRECATED_OBJC_IMPLEMENTATIONS = YES;
				CLANG_WARN_DIRECT_OBJC_ISA_USAGE = YES_ERROR;
				CLANG_WARN_DOCUMENTATION_COMMENTS = YES;
				CLANG_WARN_EMPTY_BODY = YES;
				CLANG_WARN_ENUM_CONVERSION = YES;
				CLANG_WARN_INFINITE_RECURSION = YES;
				CLANG_WARN_INT_CONVERSION = YES;
				CLANG_WARN_NON_LITERAL_NULL_CONVERSION = YES;
				CLANG_WARN_OBJC_IMPLICIT_RETAIN_SELF = YES;
				CLANG_WARN_OBJC_LITERAL_CONVERSION = YES;
				CLANG_WARN_OBJC_ROOT_CLASS = YES_ERROR;
				CLANG_WARN_QUOTED_INCLUDE_IN_FRAMEWORK_HEADER = YES;
				CLANG_WARN_RANGE_LOOP_ANALYSIS = YES;
				CLANG_WARN_STRICT_PROTOTYPES = YES;
				CLANG_WARN_SUSPICIOUS_MOVE = YES;
				CLANG_WARN_UNGUARDED_AVAILABILITY = YES_AGGRESSIVE;
				CLANG_WARN_UNREACHABLE_CODE = YES;
				CLANG_WARN__DUPLICATE_METHOD_MATCH = YES;
				COPY_PHASE_STRIP = NO;
				DEBUG_INFORMATION_FORMAT = dwarf;
				ENABLE_STRICT_OBJC_MSGSEND = YES;
				ENABLE_TESTABILITY = YES;
				ENABLE_USER_SCRIPT_SANDBOXING = YES;
				GCC_C_LANGUAGE_STANDARD = gnu17;
				GCC_DYNAMIC_NO_PIC = NO;
				GCC_NO_COMMON_BLOCKS = YES;
				GCC_OPTIMIZATION_LEVEL = 0;
				GCC_PREPROCESSOR_DEFINITIONS = (
					"DEBUG=1",
					"$(inherited)",
				);
				GCC_WARN_64_TO_32_BIT_CONVERSION = YES;
				GCC_WARN_ABOUT_RETURN_TYPE = YES_ERROR;
				GCC_WARN_UNDECLARED_SELECTOR = YES;
				GCC_WARN_UNINITIALIZED_AUTOS = YES_AGGRESSIVE;
				GCC_WARN_UNUSED_FUNCTION = YES;
				GCC_WARN_UNUSED_VARIABLE = YES;
				IPHONEOS_DEPLOYMENT_TARGET = 26.2;
				LOCALIZATION_PREFERS_STRING_CATALOGS = YES;
				MTL_ENABLE_DEBUG_INFO = INCLUDE_SOURCE;
				MTL_FAST_MATH = YES;
				ONLY_ACTIVE_ARCH = YES;
				SDKROOT = iphoneos;
				SWIFT_ACTIVE_COMPILATION_CONDITIONS = "DEBUG $(inherited)";
				SWIFT_OPTIMIZATION_LEVEL = "-Onone";
			};
			name = Debug;
		};
		0494CEA32F3D7C3600403ACD /* Release */ = {
			isa = XCBuildConfiguration;
			buildSettings = {
				ALWAYS_SEARCH_USER_PATHS = NO;
				ASSETCATALOG_COMPILER_GENERATE_SWIFT_ASSET_SYMBOL_EXTENSIONS = YES;
				CLANG_ANALYZER_NONNULL = YES;
				CLANG_ANALYZER_NUMBER_OBJECT_CONVERSION = YES_AGGRESSIVE;
				CLANG_CXX_LANGUAGE_STANDARD = "gnu++20";
				CLANG_ENABLE_MODULES = YES;
				CLANG_ENABLE_OBJC_ARC = YES;
				CLANG_ENABLE_OBJC_WEAK = YES;
				CLANG_WARN_BLOCK_CAPTURE_AUTORELEASING = YES;
				CLANG_WARN_BOOL_CONVERSION = YES;
				CLANG_WARN_COMMA = YES;
				CLANG_WARN_CONSTANT_CONVERSION = YES;
				CLANG_WARN_DEPRECATED_OBJC_IMPLEMENTATIONS = YES;
				CLANG_WARN_DIRECT_OBJC_ISA_USAGE = YES_ERROR;
				CLANG_WARN_DOCUMENTATION_COMMENTS = YES;
				CLANG_WARN_EMPTY_BODY = YES;
				CLANG_WARN_ENUM_CONVERSION = YES;
				CLANG_WARN_INFINITE_RECURSION = YES;
				CLANG_WARN_INT_CONVERSION = YES;
				CLANG_WARN_NON_LITERAL_NULL_CONVERSION = YES;
				CLANG_WARN_OBJC_IMPLICIT_RETAIN_SELF = YES;
				CLANG_WARN_OBJC_LITERAL_CONVERSION = YES;
				CLANG_WARN_OBJC_ROOT_CLASS = YES_ERROR;
				CLANG_WARN_QUOTED_INCLUDE_IN_FRAMEWORK_HEADER = YES;
				CLANG_WARN_RANGE_LOOP_ANALYSIS = YES;
				CLANG_WARN_STRICT_PROTOTYPES = YES;
				CLANG_WARN_SUSPICIOUS_MOVE = YES;
				CLANG_WARN_UNGUARDED_AVAILABILITY = YES_AGGRESSIVE;
				CLANG_WARN_UNREACHABLE_CODE = YES;
				CLANG_WARN__DUPLICATE_METHOD_MATCH = YES;
				COPY_PHASE_STRIP = NO;
				DEBUG_INFORMATION_FORMAT = "dwarf-with-dsym";
				ENABLE_NS_ASSERTIONS = NO;
				ENABLE_STRICT_OBJC_MSGSEND = YES;
				ENABLE_USER_SCRIPT_SANDBOXING = YES;
				GCC_C_LANGUAGE_STANDARD = gnu17;
				GCC_NO_COMMON_BLOCKS = YES;
				GCC_WARN_64_TO_32_BIT_CONVERSION = YES;
				GCC_WARN_ABOUT_RETURN_TYPE = YES_ERROR;
				GCC_WARN_UNDECLARED_SELECTOR = YES;
				GCC_WARN_UNINITIALIZED_AUTOS = YES_AGGRESSIVE;
				GCC_WARN_UNUSED_FUNCTION = YES;
				GCC_WARN_UNUSED_VARIABLE = YES;
				IPHONEOS_DEPLOYMENT_TARGET = 26.2;
				LOCALIZATION_PREFERS_STRING_CATALOGS = YES;
				MTL_ENABLE_DEBUG_INFO = NO;
				MTL_FAST_MATH = YES;
				SDKROOT = iphoneos;
				SWIFT_COMPILATION_MODE = wholemodule;
				VALIDATE_PRODUCT = YES;
			};
			name = Release;
		};
/* End XCBuildConfiguration section */

/* Begin XCConfigurationList section */
		0494CE872F3D7C3400403ACD /* Build configuration list for PBXProject "GlassPaint" */ = {
			isa = XCConfigurationList;
			buildConfigurations = (
				0494CEA22F3D7C3600403ACD /* Debug */,
				0494CEA32F3D7C3600403ACD /* Release */,
			);
			defaultConfigurationIsVisible = 0;
			defaultConfigurationName = Release;
		};
		0494CE9F2F3D7C3600403ACD /* Build configuration list for PBXNativeTarget "GlassPaint" */ = {
			isa = XCConfigurationList;
			buildConfigurations = (
				0494CEA02F3D7C3600403ACD /* Debug */,
				0494CEA12F3D7C3600403ACD /* Release */,
			);
			defaultConfigurationIsVisible = 0;
			defaultConfigurationName = Release;
		};
/* End XCConfigurationList section */
	};
	rootObject = 0494CE842F3D7C3400403ACD /* Project object */;
}
