// !$*UTF8*$!
{
	archiveVersion = 1;
	classes = {
	};
	objectVersion = 77;
	objects = {

/* Begin PBXBuildFile section */
		90F9F3852FFF6E2F00CA3829 /* StoreKit.framework in Frameworks */ = {isa = PBXBuildFile; fileRef = 90F9F3842FFF6E2F00CA3829 /* StoreKit.framework */; };
		D122F441313E0162FAF832EC /* Pods_Maki.framework in Frameworks */ = {isa = PBXBuildFile; fileRef = 58848A8CA0D9DAF91280BCC8 /* Pods_Maki.framework */; };
/* End PBXBuildFile section */

/* Begin PBXFileReference section */
		58848A8CA0D9DAF91280BCC8 /* Pods_Maki.framework */ = {isa = PBXFileReference; explicitFileType = wrapper.framework; includeInIndex = 0; path = Pods_Maki.framework; sourceTree = BUILT_PRODUCTS_DIR; };
		8312B142832DA7F47CB7B516 /* Pods-Maki.release.xcconfig */ = {isa = PBXFileReference; includeInIndex = 1; lastKnownFileType = text.xcconfig; name = "Pods-Maki.release.xcconfig"; path = "Target Support Files/Pods-Maki/Pods-Maki.release.xcconfig"; sourceTree = "<group>"; };
		90F9F36A2FFF6E1400CA3829 /* Maki.app */ = {isa = PBXFileReference; explicitFileType = wrapper.application; includeInIndex = 0; path = Maki.app; sourceTree = BUILT_PRODUCTS_DIR; };
		90F9F3842FFF6E2F00CA3829 /* StoreKit.framework */ = {isa = PBXFileReference; lastKnownFileType = wrapper.framework; name = StoreKit.framework; path = System/Library/Frameworks/StoreKit.framework; sourceTree = SDKROOT; };
		F685CC3E5F338C442D2B9AF8 /* Pods-Maki.debug.xcconfig */ = {isa = PBXFileReference; includeInIndex = 1; lastKnownFileType = text.xcconfig; name = "Pods-Maki.debug.xcconfig"; path = "Target Support Files/Pods-Maki/Pods-Maki.debug.xcconfig"; sourceTree = "<group>"; };
/* End PBXFileReference section */

/* Begin PBXFileSystemSynchronizedBuildFileExceptionSet section */
		90F9F37C2FFF6E1600CA3829 /* Exceptions for "Maki" folder in "Maki" target */ = {
			isa = PBXFileSystemSynchronizedBuildFileExceptionSet;
			membershipExceptions = (
				Info.plist,
			);
			target = 90F9F3692FFF6E1400CA3829 /* Maki */;
		};
/* End PBXFileSystemSynchronizedBuildFileExceptionSet section */

/* Begin PBXFileSystemSynchronizedRootGroup section */
		90F9F36C2FFF6E1400CA3829 /* Maki */ = {
			isa = PBXFileSystemSynchronizedRootGroup;
			exceptions = (
				90F9F37C2FFF6E1600CA3829 /* Exceptions for "Maki" folder in "Maki" target */,
			);
			path = Maki;
			sourceTree = "<group>";
		};
/* End PBXFileSystemSynchronizedRootGroup section */

/* Begin PBXFrameworksBuildPhase section */
		90F9F3672FFF6E1400CA3829 /* Frameworks */ = {
			isa = PBXFrameworksBuildPhase;
			buildActionMask = 2147483647;
			files = (
				90F9F3852FFF6E2F00CA3829 /* StoreKit.framework in Frameworks */,
				D122F441313E0162FAF832EC /* Pods_Maki.framework in Frameworks */,
			);
			runOnlyForDeploymentPostprocessing = 0;
		};
/* End PBXFrameworksBuildPhase section */

/* Begin PBXGroup section */
		8A505DFBA02609FDDBDEC647 /* Pods */ = {
			isa = PBXGroup;
			children = (
				F685CC3E5F338C442D2B9AF8 /* Pods-Maki.debug.xcconfig */,
				8312B142832DA7F47CB7B516 /* Pods-Maki.release.xcconfig */,
			);
			path = Pods;
			sourceTree = "<group>";
		};
		90F9F3612FFF6E1400CA3829 = {
			isa = PBXGroup;
			children = (
				90F9F36C2FFF6E1400CA3829 /* Maki */,
				90F9F3832FFF6E2F00CA3829 /* Frameworks */,
				90F9F36B2FFF6E1400CA3829 /* Products */,
				8A505DFBA02609FDDBDEC647 /* Pods */,
			);
			sourceTree = "<group>";
		};
		90F9F36B2FFF6E1400CA3829 /* Products */ = {
			isa = PBXGroup;
			children = (
				90F9F36A2FFF6E1400CA3829 /* Maki.app */,
			);
			name = Products;
			sourceTree = "<group>";
		};
		90F9F3832FFF6E2F00CA3829 /* Frameworks */ = {
			isa = PBXGroup;
			children = (
				90F9F3842FFF6E2F00CA3829 /* StoreKit.framework */,
				58848A8CA0D9DAF91280BCC8 /* Pods_Maki.framework */,
			);
			name = Frameworks;
			sourceTree = "<group>";
		};
/* End PBXGroup section */

/* Begin PBXNativeTarget section */
		90F9F3692FFF6E1400CA3829 /* Maki */ = {
			isa = PBXNativeTarget;
			buildConfigurationList = 90F9F37D2FFF6E1600CA3829 /* Build configuration list for PBXNativeTarget "Maki" */;
			buildPhases = (
				5025BE5910056953BEDBEC0E /* [CP] Check Pods Manifest.lock */,
				90F9F3662FFF6E1400CA3829 /* Sources */,
				90F9F3672FFF6E1400CA3829 /* Frameworks */,
				90F9F3682FFF6E1400CA3829 /* Resources */,
				84A012FC0836365946444B2B /* [CP] Embed Pods Frameworks */,
				28D8065DAA119D0E5F920134 /* [CP] Copy Pods Resources */,
			);
			buildRules = (
			);
			dependencies = (
			);
			fileSystemSynchronizedGroups = (
				90F9F36C2FFF6E1400CA3829 /* Maki */,
			);
			name = Maki;
			productName = Maki;
			productReference = 90F9F36A2FFF6E1400CA3829 /* Maki.app */;
			productType = "com.apple.product-type.application";
		};
/* End PBXNativeTarget section */

/* Begin PBXProject section */
		90F9F3622FFF6E1400CA3829 /* Project object */ = {
			isa = PBXProject;
			attributes = {
				BuildIndependentTargetsInParallel = 1;
				LastSwiftUpdateCheck = 2600;
				LastUpgradeCheck = 2600;
				TargetAttributes = {
					90F9F3692FFF6E1400CA3829 = {
						CreatedOnToolsVersion = 26.0.1;
					};
				};
			};
			buildConfigurationList = 90F9F3652FFF6E1400CA3829 /* Build configuration list for PBXProject "Maki" */;
			developmentRegion = en;
			hasScannedForEncodings = 0;
			knownRegions = (
				en,
				Base,
			);
			mainGroup = 90F9F3612FFF6E1400CA3829;
			minimizedProjectReferenceProxies = 1;
			preferredProjectObjectVersion = 77;
			productRefGroup = 90F9F36B2FFF6E1400CA3829 /* Products */;
			projectDirPath = "";
			projectRoot = "";
			targets = (
				90F9F3692FFF6E1400CA3829 /* Maki */,
			);
		};
/* End PBXProject section */

/* Begin PBXResourcesBuildPhase section */
		90F9F3682FFF6E1400CA3829 /* Resources */ = {
			isa = PBXResourcesBuildPhase;
			buildActionMask = 2147483647;
			files = (
			);
			runOnlyForDeploymentPostprocessing = 0;
		};
/* End PBXResourcesBuildPhase section */

/* Begin PBXShellScriptBuildPhase section */
		28D8065DAA119D0E5F920134 /* [CP] Copy Pods Resources */ = {
			isa = PBXShellScriptBuildPhase;
			buildActionMask = 2147483647;
			files = (
			);
			inputFileListPaths = (
				"${PODS_ROOT}/Target Support Files/Pods-Maki/Pods-Maki-resources-${CONFIGURATION}-input-files.xcfilelist",
			);
			name = "[CP] Copy Pods Resources";
			outputFileListPaths = (
				"${PODS_ROOT}/Target Support Files/Pods-Maki/Pods-Maki-resources-${CONFIGURATION}-output-files.xcfilelist",
			);
			runOnlyForDeploymentPostprocessing = 0;
			shellPath = /bin/sh;
			shellScript = "\"${PODS_ROOT}/Target Support Files/Pods-Maki/Pods-Maki-resources.sh\"\n";
			showEnvVarsInLog = 0;
		};
		5025BE5910056953BEDBEC0E /* [CP] Check Pods Manifest.lock */ = {
			isa = PBXShellScriptBuildPhase;
			buildActionMask = 2147483647;
			files = (
			);
			inputFileListPaths = (
			);
			inputPaths = (
				"${PODS_PODFILE_DIR_PATH}/Podfile.lock",
				"${PODS_ROOT}/Manifest.lock",
			);
			name = "[CP] Check Pods Manifest.lock";
			outputFileListPaths = (
			);
			outputPaths = (
				"$(DERIVED_FILE_DIR)/Pods-Maki-checkManifestLockResult.txt",
			);
			runOnlyForDeploymentPostprocessing = 0;
			shellPath = /bin/sh;
			shellScript = "diff \"${PODS_PODFILE_DIR_PATH}/Podfile.lock\" \"${PODS_ROOT}/Manifest.lock\" > /dev/null\nif [ $? != 0 ] ; then\n    # print error to STDERR\n    echo \"error: The sandbox is not in sync with the Podfile.lock. Run 'pod install' or update your CocoaPods installation.\" >&2\n    exit 1\nfi\n# This output is used by Xcode 'outputs' to avoid re-running this script phase.\necho \"SUCCESS\" > \"${SCRIPT_OUTPUT_FILE_0}\"\n";
			showEnvVarsInLog = 0;
		};
		84A012FC0836365946444B2B /* [CP] Embed Pods Frameworks */ = {
			isa = PBXShellScriptBuildPhase;
			buildActionMask = 2147483647;
			files = (
			);
			inputFileListPaths = (
				"${PODS_ROOT}/Target Support Files/Pods-Maki/Pods-Maki-frameworks-${CONFIGURATION}-input-files.xcfilelist",
			);
			name = "[CP] Embed Pods Frameworks";
			outputFileListPaths = (
				"${PODS_ROOT}/Target Support Files/Pods-Maki/Pods-Maki-frameworks-${CONFIGURATION}-output-files.xcfilelist",
			);
			runOnlyForDeploymentPostprocessing = 0;
			shellPath = /bin/sh;
			shellScript = "\"${PODS_ROOT}/Target Support Files/Pods-Maki/Pods-Maki-frameworks.sh\"\n";
			showEnvVarsInLog = 0;
		};
/* End PBXShellScriptBuildPhase section */

/* Begin PBXSourcesBuildPhase section */
		90F9F3662FFF6E1400CA3829 /* Sources */ = {
			isa = PBXSourcesBuildPhase;
			buildActionMask = 2147483647;
			files = (
			);
			runOnlyForDeploymentPostprocessing = 0;
		};
/* End PBXSourcesBuildPhase section */

/* Begin XCBuildConfiguration section */
		90F9F37E2FFF6E1600CA3829 /* Debug */ = {
			isa = XCBuildConfiguration;
			baseConfigurationReference = F685CC3E5F338C442D2B9AF8 /* Pods-Maki.debug.xcconfig */;
			buildSettings = {
				ASSETCATALOG_COMPILER_APPICON_NAME = AppIcon;
				ASSETCATALOG_COMPILER_GLOBAL_ACCENT_COLOR_NAME = AccentColor;
				CODE_SIGN_ENTITLEMENTS = Maki/Maki.entitlements;
				CODE_SIGN_STYLE = Manual;
				CURRENT_PROJECT_VERSION = 1;
				DEVELOPMENT_TEAM = "";
				ENABLE_USER_SCRIPT_SANDBOXING = NO;
				GENERATE_INFOPLIST_FILE = YES;
				INFOPLIST_FILE = Maki/Info.plist;
				INFOPLIST_KEY_NSCameraUsageDescription = "Maki needs your consent to access the camera to shoot personal works/personal portraits. If prohibited, you will not be able to take photos or update information.";
				INFOPLIST_KEY_NSLocationAlwaysAndWhenInUseUsageDescription = "Maki requires your consent to obtain location information when using it in order to upload photos or update avatars. If prohibited, you will not be able to publish works/update avatars.";
				INFOPLIST_KEY_NSLocationAlwaysUsageDescription = "Maki requires your consent to obtain location information when using it in order to upload photos or update avatars. If prohibited, you will not be able to publish works/update avatars.";
				INFOPLIST_KEY_NSLocationWhenInUseUsageDescription = "Maki requires your consent to obtain location information when using it in order to upload photos or update avatars. If prohibited, you will not be able to publish works/update avatars.";
				INFOPLIST_KEY_NSMicrophoneUsageDescription = "Maki needs your permission to access the microphone. If blocked, you will not be able to send audio messages to users.";
				INFOPLIST_KEY_NSPhotoLibraryAddUsageDescription = "Maki needs your consent to access the album in order to save the work. If it is prohibited, you will not be able to save your work to the album.";
				INFOPLIST_KEY_NSPhotoLibraryUsageDescription = "Maki needs your consent to access the album to select photos to upload/publish works/update avatars. If prohibited, you will not be able to upload selected photos to upload/publish works/update avatars.";
				INFOPLIST_KEY_UIApplicationSupportsIndirectInputEvents = YES;
				INFOPLIST_KEY_UILaunchStoryboardName = LaunchScreen;
				INFOPLIST_KEY_UIMainStoryboardFile = "";
				INFOPLIST_KEY_UISupportedInterfaceOrientations = UIInterfaceOrientationPortrait;
				INFOPLIST_KEY_UISupportedInterfaceOrientations_iPad = "UIInterfaceOrientationLandscapeLeft UIInterfaceOrientationLandscapeRight UIInterfaceOrientationPortrait UIInterfaceOrientationPortraitUpsideDown";
				IPHONEOS_DEPLOYMENT_TARGET = 15.0;
				LD_RUNPATH_SEARCH_PATHS = (
					"$(inherited)",
					"@executable_path/Frameworks",
				);
				MARKETING_VERSION = 1.0.0;
				PRODUCT_BUNDLE_IDENTIFIER = com.paint.Maki;
				PRODUCT_NAME = "$(TARGET_NAME)";
				PROVISIONING_PROFILE_SPECIFIER = "";
				STRING_CATALOG_GENERATE_SYMBOLS = YES;
				SUPPORTED_PLATFORMS = "iphoneos iphonesimulator";
				SUPPORTS_MACCATALYST = NO;
				SUPPORTS_MAC_DESIGNED_FOR_IPHONE_IPAD = NO;
				SUPPORTS_XR_DESIGNED_FOR_IPHONE_IPAD = NO;
				SWIFT_APPROACHABLE_CONCURRENCY = YES;
				SWIFT_DEFAULT_ACTOR_ISOLATION = MainActor;
				SWIFT_EMIT_LOC_STRINGS = YES;
				SWIFT_UPCOMING_FEATURE_MEMBER_IMPORT_VISIBILITY = YES;
				SWIFT_VERSION = 5.0;
				TARGETED_DEVICE_FAMILY = 1;
			};
			name = Debug;
		};
		90F9F37F2FFF6E1600CA3829 /* Release */ = {
			isa = XCBuildConfiguration;
			baseConfigurationReference = 8312B142832DA7F47CB7B516 /* Pods-Maki.release.xcconfig */;
			buildSettings = {
				ASSETCATALOG_COMPILER_APPICON_NAME = AppIcon;
				ASSETCATALOG_COMPILER_GLOBAL_ACCENT_COLOR_NAME = AccentColor;
				CODE_SIGN_ENTITLEMENTS = Maki/Maki.entitlements;
				CODE_SIGN_STYLE = Manual;
				CURRENT_PROJECT_VERSION = 1;
				DEVELOPMENT_TEAM = "";
				ENABLE_USER_SCRIPT_SANDBOXING = NO;
				GENERATE_INFOPLIST_FILE = YES;
				INFOPLIST_FILE = Maki/Info.plist;
				INFOPLIST_KEY_NSCameraUsageDescription = "Maki needs your consent to access the camera to shoot personal works/personal portraits. If prohibited, you will not be able to take photos or update information.";
				INFOPLIST_KEY_NSLocationAlwaysAndWhenInUseUsageDescription = "Maki requires your consent to obtain location information when using it in order to upload photos or update avatars. If prohibited, you will not be able to publish works/update avatars.";
				INFOPLIST_KEY_NSLocationAlwaysUsageDescription = "Maki requires your consent to obtain location information when using it in order to upload photos or update avatars. If prohibited, you will not be able to publish works/update avatars.";
				INFOPLIST_KEY_NSLocationWhenInUseUsageDescription = "Maki requires your consent to obtain location information when using it in order to upload photos or update avatars. If prohibited, you will not be able to publish works/update avatars.";
				INFOPLIST_KEY_NSMicrophoneUsageDescription = "Maki needs your permission to access the microphone. If blocked, you will not be able to send audio messages to users.";
				INFOPLIST_KEY_NSPhotoLibraryAddUsageDescription = "Maki needs your consent to access the album in order to save the work. If it is prohibited, you will not be able to save your work to the album.";
				INFOPLIST_KEY_NSPhotoLibraryUsageDescription = "Maki needs your consent to access the album to select photos to upload/publish works/update avatars. If prohibited, you will not be able to upload selected photos to upload/publish works/update avatars.";
				INFOPLIST_KEY_UIApplicationSupportsIndirectInputEvents = YES;
				INFOPLIST_KEY_UILaunchStoryboardName = LaunchScreen;
				INFOPLIST_KEY_UIMainStoryboardFile = "";
				INFOPLIST_KEY_UISupportedInterfaceOrientations = UIInterfaceOrientationPortrait;
				INFOPLIST_KEY_UISupportedInterfaceOrientations_iPad = "UIInterfaceOrientationLandscapeLeft UIInterfaceOrientationLandscapeRight UIInterfaceOrientationPortrait UIInterfaceOrientationPortraitUpsideDown";
				IPHONEOS_DEPLOYMENT_TARGET = 15.0;
				LD_RUNPATH_SEARCH_PATHS = (
					"$(inherited)",
					"@executable_path/Frameworks",
				);
				MARKETING_VERSION = 1.0.0;
				PRODUCT_BUNDLE_IDENTIFIER = com.paint.Maki;
				PRODUCT_NAME = "$(TARGET_NAME)";
				PROVISIONING_PROFILE_SPECIFIER = "";
				STRING_CATALOG_GENERATE_SYMBOLS = YES;
				SUPPORTED_PLATFORMS = "iphoneos iphonesimulator";
				SUPPORTS_MACCATALYST = NO;
				SUPPORTS_MAC_DESIGNED_FOR_IPHONE_IPAD = NO;
				SUPPORTS_XR_DESIGNED_FOR_IPHONE_IPAD = NO;
				SWIFT_APPROACHABLE_CONCURRENCY = YES;
				SWIFT_DEFAULT_ACTOR_ISOLATION = MainActor;
				SWIFT_EMIT_LOC_STRINGS = YES;
				SWIFT_UPCOMING_FEATURE_MEMBER_IMPORT_VISIBILITY = YES;
				SWIFT_VERSION = 5.0;
				TARGETED_DEVICE_FAMILY = 1;
			};
			name = Release;
		};
		90F9F3802FFF6E1600CA3829 /* Debug */ = {
			isa = XCBuildConfiguration;
			buildSettings = {
				ALWAYS_SEARCH_USER_PATHS = NO;
				ASSETCATALOG_COMPILER_GENERATE_SWIFT_ASSET_SYMBOL_EXTENSIONS = YES;
				CLANG_ANALYZER_NONNULL = YES;
				CLANG_ANALYZER_NUMBER_OBJECT_CONVERSION = YES_AGGRESSIVE;
				CLANG_CXX_LANGUAGE_STANDARD = "gnu++20";
				CLANG_ENABLE_MODULES = YES;
				CLANG_ENABLE_OBJC_ARC = YES;
				CLANG_ENABLE_OBJC_WEAK = YES;
				CLANG_WARN_BLOCK_CAPTURE_AUTORELEASING = YES;
				CLANG_WARN_BOOL_CONVERSION = YES;
				CLANG_WARN_COMMA = YES;
				CLANG_WARN_CONSTANT_CONVERSION = YES;
				CLANG_WARN_DEPRECATED_OBJC_IMPLEMENTATIONS = YES;
				CLANG_WARN_DIRECT_OBJC_ISA_USAGE = YES_ERROR;
				CLANG_WARN_DOCUMENTATION_COMMENTS = YES;
				CLANG_WARN_EMPTY_BODY = YES;
				CLANG_WARN_ENUM_CONVERSION = YES;
				CLANG_WARN_INFINITE_RECURSION = YES;
				CLANG_WARN_INT_CONVERSION = YES;
				CLANG_WARN_NON_LITERAL_NULL_CONVERSION = YES;
				CLANG_WARN_OBJC_IMPLICIT_RETAIN_SELF = YES;
				CLANG_WARN_OBJC_LITERAL_CONVERSION = YES;
				CLANG_WARN_OBJC_ROOT_CLASS = YES_ERROR;
				CLANG_WARN_QUOTED_INCLUDE_IN_FRAMEWORK_HEADER = YES;
				CLANG_WARN_RANGE_LOOP_ANALYSIS = YES;
				CLANG_WARN_STRICT_PROTOTYPES = YES;
				CLANG_WARN_SUSPICIOUS_MOVE = YES;
				CLANG_WARN_UNGUARDED_AVAILABILITY = YES_AGGRESSIVE;
				CLANG_WARN_UNREACHABLE_CODE = YES;
				CLANG_WARN__DUPLICATE_METHOD_MATCH = YES;
				COPY_PHASE_STRIP = NO;
				DEBUG_INFORMATION_FORMAT = dwarf;
				ENABLE_STRICT_OBJC_MSGSEND = YES;
				ENABLE_TESTABILITY = YES;
				ENABLE_USER_SCRIPT_SANDBOXING = YES;
				GCC_C_LANGUAGE_STANDARD = gnu17;
				GCC_DYNAMIC_NO_PIC = NO;
				GCC_NO_COMMON_BLOCKS = YES;
				GCC_OPTIMIZATION_LEVEL = 0;
				GCC_PREPROCESSOR_DEFINITIONS = (
					"DEBUG=1",
					"$(inherited)",
				);
				GCC_WARN_64_TO_32_BIT_CONVERSION = YES;
				GCC_WARN_ABOUT_RETURN_TYPE = YES_ERROR;
				GCC_WARN_UNDECLARED_SELECTOR = YES;
				GCC_WARN_UNINITIALIZED_AUTOS = YES_AGGRESSIVE;
				GCC_WARN_UNUSED_FUNCTION = YES;
				GCC_WARN_UNUSED_VARIABLE = YES;
				IPHONEOS_DEPLOYMENT_TARGET = 26.0;
				LOCALIZATION_PREFERS_STRING_CATALOGS = YES;
				MTL_ENABLE_DEBUG_INFO = INCLUDE_SOURCE;
				MTL_FAST_MATH = YES;
				ONLY_ACTIVE_ARCH = YES;
				SDKROOT = iphoneos;
				SWIFT_ACTIVE_COMPILATION_CONDITIONS = "DEBUG $(inherited)";
				SWIFT_OPTIMIZATION_LEVEL = "-Onone";
			};
			name = Debug;
		};
		90F9F3812FFF6E1600CA3829 /* Release */ = {
			isa = XCBuildConfiguration;
			buildSettings = {
				ALWAYS_SEARCH_USER_PATHS = NO;
				ASSETCATALOG_COMPILER_GENERATE_SWIFT_ASSET_SYMBOL_EXTENSIONS = YES;
				CLANG_ANALYZER_NONNULL = YES;
				CLANG_ANALYZER_NUMBER_OBJECT_CONVERSION = YES_AGGRESSIVE;
				CLANG_CXX_LANGUAGE_STANDARD = "gnu++20";
				CLANG_ENABLE_MODULES = YES;
				CLANG_ENABLE_OBJC_ARC = YES;
				CLANG_ENABLE_OBJC_WEAK = YES;
				CLANG_WARN_BLOCK_CAPTURE_AUTORELEASING = YES;
				CLANG_WARN_BOOL_CONVERSION = YES;
				CLANG_WARN_COMMA = YES;
				CLANG_WARN_CONSTANT_CONVERSION = YES;
				CLANG_WARN_DEPRECATED_OBJC_IMPLEMENTATIONS = YES;
				CLANG_WARN_DIRECT_OBJC_ISA_USAGE = YES_ERROR;
				CLANG_WARN_DOCUMENTATION_COMMENTS = YES;
				CLANG_WARN_EMPTY_BODY = YES;
				CLANG_WARN_ENUM_CONVERSION = YES;
				CLANG_WARN_INFINITE_RECURSION = YES;
				CLANG_WARN_INT_CONVERSION = YES;
				CLANG_WARN_NON_LITERAL_NULL_CONVERSION = YES;
				CLANG_WARN_OBJC_IMPLICIT_RETAIN_SELF = YES;
				CLANG_WARN_OBJC_LITERAL_CONVERSION = YES;
				CLANG_WARN_OBJC_ROOT_CLASS = YES_ERROR;
				CLANG_WARN_QUOTED_INCLUDE_IN_FRAMEWORK_HEADER = YES;
				CLANG_WARN_RANGE_LOOP_ANALYSIS = YES;
				CLANG_WARN_STRICT_PROTOTYPES = YES;
				CLANG_WARN_SUSPICIOUS_MOVE = YES;
				CLANG_WARN_UNGUARDED_AVAILABILITY = YES_AGGRESSIVE;
				CLANG_WARN_UNREACHABLE_CODE = YES;
				CLANG_WARN__DUPLICATE_METHOD_MATCH = YES;
				COPY_PHASE_STRIP = NO;
				DEBUG_INFORMATION_FORMAT = "dwarf-with-dsym";
				ENABLE_NS_ASSERTIONS = NO;
				ENABLE_STRICT_OBJC_MSGSEND = YES;
				ENABLE_USER_SCRIPT_SANDBOXING = YES;
				GCC_C_LANGUAGE_STANDARD = gnu17;
				GCC_NO_COMMON_BLOCKS = YES;
				GCC_WARN_64_TO_32_BIT_CONVERSION = YES;
				GCC_WARN_ABOUT_RETURN_TYPE = YES_ERROR;
				GCC_WARN_UNDECLARED_SELECTOR = YES;
				GCC_WARN_UNINITIALIZED_AUTOS = YES_AGGRESSIVE;
				GCC_WARN_UNUSED_FUNCTION = YES;
				GCC_WARN_UNUSED_VARIABLE = YES;
				IPHONEOS_DEPLOYMENT_TARGET = 26.0;
				LOCALIZATION_PREFERS_STRING_CATALOGS = YES;
				MTL_ENABLE_DEBUG_INFO = NO;
				MTL_FAST_MATH = YES;
				SDKROOT = iphoneos;
				SWIFT_COMPILATION_MODE = wholemodule;
				VALIDATE_PRODUCT = YES;
			};
			name = Release;
		};
/* End XCBuildConfiguration section */

/* Begin XCConfigurationList section */
		90F9F3652FFF6E1400CA3829 /* Build configuration list for PBXProject "Maki" */ = {
			isa = XCConfigurationList;
			buildConfigurations = (
				90F9F3802FFF6E1600CA3829 /* Debug */,
				90F9F3812FFF6E1600CA3829 /* Release */,
			);
			defaultConfigurationIsVisible = 0;
			defaultConfigurationName = Release;
		};
		90F9F37D2FFF6E1600CA3829 /* Build configuration list for PBXNativeTarget "Maki" */ = {
			isa = XCConfigurationList;
			buildConfigurations = (
				90F9F37E2FFF6E1600CA3829 /* Debug */,
				90F9F37F2FFF6E1600CA3829 /* Release */,
			);
			defaultConfigurationIsVisible = 0;
			defaultConfigurationName = Release;
		};
/* End XCConfigurationList section */
	};
	rootObject = 90F9F3622FFF6E1400CA3829 /* Project object */;
}
