// !$*UTF8*$!
{
	archiveVersion = 1;
	classes = {
	};
	objectVersion = 77;
	objects = {

/* Begin PBXBuildFile section */
		7BA59AF483433BB62D58BDDE /* Pods_Praise.framework in Frameworks */ = {isa = PBXBuildFile; fileRef = F66E695B1D0B66AD5D8C64C0 /* Pods_Praise.framework */; };
		9074C2712FBD5A1A0028700F /* StoreKit.framework in Frameworks */ = {isa = PBXBuildFile; fileRef = 9074C2702FBD5A1A0028700F /* StoreKit.framework */; };
/* End PBXBuildFile section */

/* Begin PBXFileReference section */
		3EF770A50DB7C10728678C9D /* Pods-Praise.debug.xcconfig */ = {isa = PBXFileReference; includeInIndex = 1; lastKnownFileType = text.xcconfig; name = "Pods-Praise.debug.xcconfig"; path = "Target Support Files/Pods-Praise/Pods-Praise.debug.xcconfig"; sourceTree = "<group>"; };
		7CE08592C86E4BCB72BF34AB /* Pods-Praise.release.xcconfig */ = {isa = PBXFileReference; includeInIndex = 1; lastKnownFileType = text.xcconfig; name = "Pods-Praise.release.xcconfig"; path = "Target Support Files/Pods-Praise/Pods-Praise.release.xcconfig"; sourceTree = "<group>"; };
		9074C0FD2FBD59C00028700F /* Praise.app */ = {isa = PBXFileReference; explicitFileType = wrapper.application; includeInIndex = 0; path = Praise.app; sourceTree = BUILT_PRODUCTS_DIR; };
		9074C2702FBD5A1A0028700F /* StoreKit.framework */ = {isa = PBXFileReference; lastKnownFileType = wrapper.framework; name = StoreKit.framework; path = System/Library/Frameworks/StoreKit.framework; sourceTree = SDKROOT; };
		F66E695B1D0B66AD5D8C64C0 /* Pods_Praise.framework */ = {isa = PBXFileReference; explicitFileType = wrapper.framework; includeInIndex = 0; path = Pods_Praise.framework; sourceTree = BUILT_PRODUCTS_DIR; };
/* End PBXFileReference section */

/* Begin PBXFileSystemSynchronizedBuildFileExceptionSet section */
		9074C10F2FBD59C20028700F /* Exceptions for "Praise" folder in "Praise" target */ = {
			isa = PBXFileSystemSynchronizedBuildFileExceptionSet;
			membershipExceptions = (
				Info.plist,
			);
			target = 9074C0FC2FBD59C00028700F /* Praise */;
		};
/* End PBXFileSystemSynchronizedBuildFileExceptionSet section */

/* Begin PBXFileSystemSynchronizedRootGroup section */
		9074C0FF2FBD59C00028700F /* Praise */ = {
			isa = PBXFileSystemSynchronizedRootGroup;
			exceptions = (
				9074C10F2FBD59C20028700F /* Exceptions for "Praise" folder in "Praise" target */,
			);
			path = Praise;
			sourceTree = "<group>";
		};
/* End PBXFileSystemSynchronizedRootGroup section */

/* Begin PBXFrameworksBuildPhase section */
		9074C0FA2FBD59C00028700F /* Frameworks */ = {
			isa = PBXFrameworksBuildPhase;
			buildActionMask = 2147483647;
			files = (
				9074C2712FBD5A1A0028700F /* StoreKit.framework in Frameworks */,
				7BA59AF483433BB62D58BDDE /* Pods_Praise.framework in Frameworks */,
			);
			runOnlyForDeploymentPostprocessing = 0;
		};
/* End PBXFrameworksBuildPhase section */

/* Begin PBXGroup section */
		89F02C22C2932103AAB68B83 /* Pods */ = {
			isa = PBXGroup;
			children = (
				3EF770A50DB7C10728678C9D /* Pods-Praise.debug.xcconfig */,
				7CE08592C86E4BCB72BF34AB /* Pods-Praise.release.xcconfig */,
			);
			path = Pods;
			sourceTree = "<group>";
		};
		9074C0F42FBD59C00028700F = {
			isa = PBXGroup;
			children = (
				9074C0FF2FBD59C00028700F /* Praise */,
				9074C26F2FBD5A1A0028700F /* Frameworks */,
				9074C0FE2FBD59C00028700F /* Products */,
				89F02C22C2932103AAB68B83 /* Pods */,
			);
			sourceTree = "<group>";
		};
		9074C0FE2FBD59C00028700F /* Products */ = {
			isa = PBXGroup;
			children = (
				9074C0FD2FBD59C00028700F /* Praise.app */,
			);
			name = Products;
			sourceTree = "<group>";
		};
		9074C26F2FBD5A1A0028700F /* Frameworks */ = {
			isa = PBXGroup;
			children = (
				9074C2702FBD5A1A0028700F /* StoreKit.framework */,
				F66E695B1D0B66AD5D8C64C0 /* Pods_Praise.framework */,
			);
			name = Frameworks;
			sourceTree = "<group>";
		};
/* End PBXGroup section */

/* Begin PBXNativeTarget section */
		9074C0FC2FBD59C00028700F /* Praise */ = {
			isa = PBXNativeTarget;
			buildConfigurationList = 9074C1102FBD59C20028700F /* Build configuration list for PBXNativeTarget "Praise" */;
			buildPhases = (
				8C824778DF58A746640FAD2E /* [CP] Check Pods Manifest.lock */,
				9074C0F92FBD59C00028700F /* Sources */,
				9074C0FA2FBD59C00028700F /* Frameworks */,
				9074C0FB2FBD59C00028700F /* Resources */,
				6876A7AF9A048BA6DC2234E9 /* [CP] Embed Pods Frameworks */,
				021A4AB6507FB976D049F3BB /* [CP] Copy Pods Resources */,
			);
			buildRules = (
			);
			dependencies = (
			);
			fileSystemSynchronizedGroups = (
				9074C0FF2FBD59C00028700F /* Praise */,
			);
			name = Praise;
			productName = Praise;
			productReference = 9074C0FD2FBD59C00028700F /* Praise.app */;
			productType = "com.apple.product-type.application";
		};
/* End PBXNativeTarget section */

/* Begin PBXProject section */
		9074C0F52FBD59C00028700F /* Project object */ = {
			isa = PBXProject;
			attributes = {
				BuildIndependentTargetsInParallel = 1;
				LastSwiftUpdateCheck = 2600;
				LastUpgradeCheck = 2600;
				TargetAttributes = {
					9074C0FC2FBD59C00028700F = {
						CreatedOnToolsVersion = 26.0.1;
					};
				};
			};
			buildConfigurationList = 9074C0F82FBD59C00028700F /* Build configuration list for PBXProject "Praise" */;
			developmentRegion = en;
			hasScannedForEncodings = 0;
			knownRegions = (
				en,
				Base,
			);
			mainGroup = 9074C0F42FBD59C00028700F;
			minimizedProjectReferenceProxies = 1;
			preferredProjectObjectVersion = 77;
			productRefGroup = 9074C0FE2FBD59C00028700F /* Products */;
			projectDirPath = "";
			projectRoot = "";
			targets = (
				9074C0FC2FBD59C00028700F /* Praise */,
			);
		};
/* End PBXProject section */

/* Begin PBXResourcesBuildPhase section */
		9074C0FB2FBD59C00028700F /* Resources */ = {
			isa = PBXResourcesBuildPhase;
			buildActionMask = 2147483647;
			files = (
			);
			runOnlyForDeploymentPostprocessing = 0;
		};
/* End PBXResourcesBuildPhase section */

/* Begin PBXShellScriptBuildPhase section */
		021A4AB6507FB976D049F3BB /* [CP] Copy Pods Resources */ = {
			isa = PBXShellScriptBuildPhase;
			buildActionMask = 2147483647;
			files = (
			);
			inputFileListPaths = (
				"${PODS_ROOT}/Target Support Files/Pods-Praise/Pods-Praise-resources-${CONFIGURATION}-input-files.xcfilelist",
			);
			inputPaths = (
			);
			name = "[CP] Copy Pods Resources";
			outputFileListPaths = (
				"${PODS_ROOT}/Target Support Files/Pods-Praise/Pods-Praise-resources-${CONFIGURATION}-output-files.xcfilelist",
			);
			outputPaths = (
			);
			runOnlyForDeploymentPostprocessing = 0;
			shellPath = /bin/sh;
			shellScript = "\"${PODS_ROOT}/Target Support Files/Pods-Praise/Pods-Praise-resources.sh\"\n";
			showEnvVarsInLog = 0;
		};
		6876A7AF9A048BA6DC2234E9 /* [CP] Embed Pods Frameworks */ = {
			isa = PBXShellScriptBuildPhase;
			buildActionMask = 2147483647;
			files = (
			);
			inputFileListPaths = (
				"${PODS_ROOT}/Target Support Files/Pods-Praise/Pods-Praise-frameworks-${CONFIGURATION}-input-files.xcfilelist",
			);
			inputPaths = (
			);
			name = "[CP] Embed Pods Frameworks";
			outputFileListPaths = (
				"${PODS_ROOT}/Target Support Files/Pods-Praise/Pods-Praise-frameworks-${CONFIGURATION}-output-files.xcfilelist",
			);
			outputPaths = (
			);
			runOnlyForDeploymentPostprocessing = 0;
			shellPath = /bin/sh;
			shellScript = "\"${PODS_ROOT}/Target Support Files/Pods-Praise/Pods-Praise-frameworks.sh\"\n";
			showEnvVarsInLog = 0;
		};
		8C824778DF58A746640FAD2E /* [CP] Check Pods Manifest.lock */ = {
			isa = PBXShellScriptBuildPhase;
			buildActionMask = 2147483647;
			files = (
			);
			inputFileListPaths = (
			);
			inputPaths = (
				"${PODS_PODFILE_DIR_PATH}/Podfile.lock",
				"${PODS_ROOT}/Manifest.lock",
			);
			name = "[CP] Check Pods Manifest.lock";
			outputFileListPaths = (
			);
			outputPaths = (
				"$(DERIVED_FILE_DIR)/Pods-Praise-checkManifestLockResult.txt",
			);
			runOnlyForDeploymentPostprocessing = 0;
			shellPath = /bin/sh;
			shellScript = "diff \"${PODS_PODFILE_DIR_PATH}/Podfile.lock\" \"${PODS_ROOT}/Manifest.lock\" > /dev/null\nif [ $? != 0 ] ; then\n    # print error to STDERR\n    echo \"error: The sandbox is not in sync with the Podfile.lock. Run 'pod install' or update your CocoaPods installation.\" >&2\n    exit 1\nfi\n# This output is used by Xcode 'outputs' to avoid re-running this script phase.\necho \"SUCCESS\" > \"${SCRIPT_OUTPUT_FILE_0}\"\n";
			showEnvVarsInLog = 0;
		};
/* End PBXShellScriptBuildPhase section */

/* Begin PBXSourcesBuildPhase section */
		9074C0F92FBD59C00028700F /* Sources */ = {
			isa = PBXSourcesBuildPhase;
			buildActionMask = 2147483647;
			files = (
			);
			runOnlyForDeploymentPostprocessing = 0;
		};
/* End PBXSourcesBuildPhase section */

/* Begin XCBuildConfiguration section */
		9074C1112FBD59C20028700F /* Debug */ = {
			isa = XCBuildConfiguration;
			baseConfigurationReference = 3EF770A50DB7C10728678C9D /* Pods-Praise.debug.xcconfig */;
			buildSettings = {
				ASSETCATALOG_COMPILER_APPICON_NAME = AppIcon;
				ASSETCATALOG_COMPILER_GLOBAL_ACCENT_COLOR_NAME = AccentColor;
				CODE_SIGN_ENTITLEMENTS = Praise/Praise.entitlements;
				CODE_SIGN_STYLE = Manual;
				CURRENT_PROJECT_VERSION = 1;
				DEVELOPMENT_TEAM = "";
				ENABLE_USER_SCRIPT_SANDBOXING = NO;
				GENERATE_INFOPLIST_FILE = YES;
				INFOPLIST_FILE = Praise/Info.plist;
				INFOPLIST_KEY_NSCameraUsageDescription = "Praise needs your consent to access the camera to shoot personal works/personal portraits. If prohibited, you will not be able to take photos or update information.";
				INFOPLIST_KEY_NSLocationAlwaysAndWhenInUseUsageDescription = "Praise requires your consent to obtain location information when using it in order to upload photos or update avatars. If prohibited, you will not be able to publish works/update avatars.";
				INFOPLIST_KEY_NSLocationAlwaysUsageDescription = "Praise requires your consent to obtain location information when using it in order to upload photos or update avatars. If prohibited, you will not be able to publish works/update avatars.";
				INFOPLIST_KEY_NSLocationWhenInUseUsageDescription = "Praise requires your consent to obtain location information when using it in order to upload photos or update avatars. If prohibited, you will not be able to publish works/update avatars.";
				INFOPLIST_KEY_NSMicrophoneUsageDescription = "Praise needs your permission to access the microphone. If blocked, you will not be able to send audio messages to users.";
				INFOPLIST_KEY_NSPhotoLibraryAddUsageDescription = "Praise needs your consent to access the album in order to save the work. If it is prohibited, you will not be able to save your work to the album.";
				INFOPLIST_KEY_NSPhotoLibraryUsageDescription = "Praise needs your consent to access the album to select photos to upload/publish works/update avatars. If prohibited, you will not be able to upload selected photos to upload/publish works/update avatars.";
				INFOPLIST_KEY_UIApplicationSupportsIndirectInputEvents = YES;
				INFOPLIST_KEY_UILaunchStoryboardName = LaunchScreen;
				INFOPLIST_KEY_UIMainStoryboardFile = "";
				INFOPLIST_KEY_UISupportedInterfaceOrientations = UIInterfaceOrientationPortrait;
				INFOPLIST_KEY_UISupportedInterfaceOrientations_iPad = "UIInterfaceOrientationLandscapeLeft UIInterfaceOrientationLandscapeRight UIInterfaceOrientationPortrait UIInterfaceOrientationPortraitUpsideDown";
				IPHONEOS_DEPLOYMENT_TARGET = 15.0;
				LD_RUNPATH_SEARCH_PATHS = (
					"$(inherited)",
					"@executable_path/Frameworks",
				);
				MARKETING_VERSION = 1.0.0;
				PRODUCT_BUNDLE_IDENTIFIER = com.skill.photo.record;
				PRODUCT_NAME = "$(TARGET_NAME)";
				PROVISIONING_PROFILE_SPECIFIER = "";
				STRING_CATALOG_GENERATE_SYMBOLS = YES;
				SUPPORTED_PLATFORMS = "iphoneos iphonesimulator";
				SUPPORTS_MACCATALYST = NO;
				SUPPORTS_MAC_DESIGNED_FOR_IPHONE_IPAD = NO;
				SUPPORTS_XR_DESIGNED_FOR_IPHONE_IPAD = NO;
				SWIFT_APPROACHABLE_CONCURRENCY = YES;
				SWIFT_DEFAULT_ACTOR_ISOLATION = MainActor;
				SWIFT_EMIT_LOC_STRINGS = YES;
				SWIFT_UPCOMING_FEATURE_MEMBER_IMPORT_VISIBILITY = YES;
				SWIFT_VERSION = 5.0;
				TARGETED_DEVICE_FAMILY = 1;
			};
			name = Debug;
		};
		9074C1122FBD59C20028700F /* Release */ = {
			isa = XCBuildConfiguration;
			baseConfigurationReference = 7CE08592C86E4BCB72BF34AB /* Pods-Praise.release.xcconfig */;
			buildSettings = {
				ASSETCATALOG_COMPILER_APPICON_NAME = AppIcon;
				ASSETCATALOG_COMPILER_GLOBAL_ACCENT_COLOR_NAME = AccentColor;
				CODE_SIGN_ENTITLEMENTS = Praise/Praise.entitlements;
				CODE_SIGN_STYLE = Manual;
				CURRENT_PROJECT_VERSION = 1;
				DEVELOPMENT_TEAM = "";
				ENABLE_USER_SCRIPT_SANDBOXING = NO;
				GENERATE_INFOPLIST_FILE = YES;
				INFOPLIST_FILE = Praise/Info.plist;
				INFOPLIST_KEY_NSCameraUsageDescription = "Praise needs your consent to access the camera to shoot personal works/personal portraits. If prohibited, you will not be able to take photos or update information.";
				INFOPLIST_KEY_NSLocationAlwaysAndWhenInUseUsageDescription = "Praise requires your consent to obtain location information when using it in order to upload photos or update avatars. If prohibited, you will not be able to publish works/update avatars.";
				INFOPLIST_KEY_NSLocationAlwaysUsageDescription = "Praise requires your consent to obtain location information when using it in order to upload photos or update avatars. If prohibited, you will not be able to publish works/update avatars.";
				INFOPLIST_KEY_NSLocationWhenInUseUsageDescription = "Praise requires your consent to obtain location information when using it in order to upload photos or update avatars. If prohibited, you will not be able to publish works/update avatars.";
				INFOPLIST_KEY_NSMicrophoneUsageDescription = "Praise needs your permission to access the microphone. If blocked, you will not be able to send audio messages to users.";
				INFOPLIST_KEY_NSPhotoLibraryAddUsageDescription = "Praise needs your consent to access the album in order to save the work. If it is prohibited, you will not be able to save your work to the album.";
				INFOPLIST_KEY_NSPhotoLibraryUsageDescription = "Praise needs your consent to access the album to select photos to upload/publish works/update avatars. If prohibited, you will not be able to upload selected photos to upload/publish works/update avatars.";
				INFOPLIST_KEY_UIApplicationSupportsIndirectInputEvents = YES;
				INFOPLIST_KEY_UILaunchStoryboardName = LaunchScreen;
				INFOPLIST_KEY_UIMainStoryboardFile = "";
				INFOPLIST_KEY_UISupportedInterfaceOrientations = UIInterfaceOrientationPortrait;
				INFOPLIST_KEY_UISupportedInterfaceOrientations_iPad = "UIInterfaceOrientationLandscapeLeft UIInterfaceOrientationLandscapeRight UIInterfaceOrientationPortrait UIInterfaceOrientationPortraitUpsideDown";
				IPHONEOS_DEPLOYMENT_TARGET = 15.0;
				LD_RUNPATH_SEARCH_PATHS = (
					"$(inherited)",
					"@executable_path/Frameworks",
				);
				MARKETING_VERSION = 1.0.0;
				PRODUCT_BUNDLE_IDENTIFIER = com.skill.photo.record;
				PRODUCT_NAME = "$(TARGET_NAME)";
				PROVISIONING_PROFILE_SPECIFIER = "";
				STRING_CATALOG_GENERATE_SYMBOLS = YES;
				SUPPORTED_PLATFORMS = "iphoneos iphonesimulator";
				SUPPORTS_MACCATALYST = NO;
				SUPPORTS_MAC_DESIGNED_FOR_IPHONE_IPAD = NO;
				SUPPORTS_XR_DESIGNED_FOR_IPHONE_IPAD = NO;
				SWIFT_APPROACHABLE_CONCURRENCY = YES;
				SWIFT_DEFAULT_ACTOR_ISOLATION = MainActor;
				SWIFT_EMIT_LOC_STRINGS = YES;
				SWIFT_UPCOMING_FEATURE_MEMBER_IMPORT_VISIBILITY = YES;
				SWIFT_VERSION = 5.0;
				TARGETED_DEVICE_FAMILY = 1;
			};
			name = Release;
		};
		9074C1132FBD59C20028700F /* Debug */ = {
			isa = XCBuildConfiguration;
			buildSettings = {
				ALWAYS_SEARCH_USER_PATHS = NO;
				ASSETCATALOG_COMPILER_GENERATE_SWIFT_ASSET_SYMBOL_EXTENSIONS = YES;
				CLANG_ANALYZER_NONNULL = YES;
				CLANG_ANALYZER_NUMBER_OBJECT_CONVERSION = YES_AGGRESSIVE;
				CLANG_CXX_LANGUAGE_STANDARD = "gnu++20";
				CLANG_ENABLE_MODULES = YES;
				CLANG_ENABLE_OBJC_ARC = YES;
				CLANG_ENABLE_OBJC_WEAK = YES;
				CLANG_WARN_BLOCK_CAPTURE_AUTORELEASING = YES;
				CLANG_WARN_BOOL_CONVERSION = YES;
				CLANG_WARN_COMMA = YES;
				CLANG_WARN_CONSTANT_CONVERSION = YES;
				CLANG_WARN_DEPRECATED_OBJC_IMPLEMENTATIONS = YES;
				CLANG_WARN_DIRECT_OBJC_ISA_USAGE = YES_ERROR;
				CLANG_WARN_DOCUMENTATION_COMMENTS = YES;
				CLANG_WARN_EMPTY_BODY = YES;
				CLANG_WARN_ENUM_CONVERSION = YES;
				CLANG_WARN_INFINITE_RECURSION = YES;
				CLANG_WARN_INT_CONVERSION = YES;
				CLANG_WARN_NON_LITERAL_NULL_CONVERSION = YES;
				CLANG_WARN_OBJC_IMPLICIT_RETAIN_SELF = YES;
				CLANG_WARN_OBJC_LITERAL_CONVERSION = YES;
				CLANG_WARN_OBJC_ROOT_CLASS = YES_ERROR;
				CLANG_WARN_QUOTED_INCLUDE_IN_FRAMEWORK_HEADER = YES;
				CLANG_WARN_RANGE_LOOP_ANALYSIS = YES;
				CLANG_WARN_STRICT_PROTOTYPES = YES;
				CLANG_WARN_SUSPICIOUS_MOVE = YES;
				CLANG_WARN_UNGUARDED_AVAILABILITY = YES_AGGRESSIVE;
				CLANG_WARN_UNREACHABLE_CODE = YES;
				CLANG_WARN__DUPLICATE_METHOD_MATCH = YES;
				COPY_PHASE_STRIP = NO;
				DEBUG_INFORMATION_FORMAT = dwarf;
				ENABLE_STRICT_OBJC_MSGSEND = YES;
				ENABLE_TESTABILITY = YES;
				ENABLE_USER_SCRIPT_SANDBOXING = YES;
				GCC_C_LANGUAGE_STANDARD = gnu17;
				GCC_DYNAMIC_NO_PIC = NO;
				GCC_NO_COMMON_BLOCKS = YES;
				GCC_OPTIMIZATION_LEVEL = 0;
				GCC_PREPROCESSOR_DEFINITIONS = (
					"DEBUG=1",
					"$(inherited)",
				);
				GCC_WARN_64_TO_32_BIT_CONVERSION = YES;
				GCC_WARN_ABOUT_RETURN_TYPE = YES_ERROR;
				GCC_WARN_UNDECLARED_SELECTOR = YES;
				GCC_WARN_UNINITIALIZED_AUTOS = YES_AGGRESSIVE;
				GCC_WARN_UNUSED_FUNCTION = YES;
				GCC_WARN_UNUSED_VARIABLE = YES;
				IPHONEOS_DEPLOYMENT_TARGET = 26.0;
				LOCALIZATION_PREFERS_STRING_CATALOGS = YES;
				MTL_ENABLE_DEBUG_INFO = INCLUDE_SOURCE;
				MTL_FAST_MATH = YES;
				ONLY_ACTIVE_ARCH = YES;
				SDKROOT = iphoneos;
				SWIFT_ACTIVE_COMPILATION_CONDITIONS = "DEBUG $(inherited)";
				SWIFT_OPTIMIZATION_LEVEL = "-Onone";
			};
			name = Debug;
		};
		9074C1142FBD59C20028700F /* Release */ = {
			isa = XCBuildConfiguration;
			buildSettings = {
				ALWAYS_SEARCH_USER_PATHS = NO;
				ASSETCATALOG_COMPILER_GENERATE_SWIFT_ASSET_SYMBOL_EXTENSIONS = YES;
				CLANG_ANALYZER_NONNULL = YES;
				CLANG_ANALYZER_NUMBER_OBJECT_CONVERSION = YES_AGGRESSIVE;
				CLANG_CXX_LANGUAGE_STANDARD = "gnu++20";
				CLANG_ENABLE_MODULES = YES;
				CLANG_ENABLE_OBJC_ARC = YES;
				CLANG_ENABLE_OBJC_WEAK = YES;
				CLANG_WARN_BLOCK_CAPTURE_AUTORELEASING = YES;
				CLANG_WARN_BOOL_CONVERSION = YES;
				CLANG_WARN_COMMA = YES;
				CLANG_WARN_CONSTANT_CONVERSION = YES;
				CLANG_WARN_DEPRECATED_OBJC_IMPLEMENTATIONS = YES;
				CLANG_WARN_DIRECT_OBJC_ISA_USAGE = YES_ERROR;
				CLANG_WARN_DOCUMENTATION_COMMENTS = YES;
				CLANG_WARN_EMPTY_BODY = YES;
				CLANG_WARN_ENUM_CONVERSION = YES;
				CLANG_WARN_INFINITE_RECURSION = YES;
				CLANG_WARN_INT_CONVERSION = YES;
				CLANG_WARN_NON_LITERAL_NULL_CONVERSION = YES;
				CLANG_WARN_OBJC_IMPLICIT_RETAIN_SELF = YES;
				CLANG_WARN_OBJC_LITERAL_CONVERSION = YES;
				CLANG_WARN_OBJC_ROOT_CLASS = YES_ERROR;
				CLANG_WARN_QUOTED_INCLUDE_IN_FRAMEWORK_HEADER = YES;
				CLANG_WARN_RANGE_LOOP_ANALYSIS = YES;
				CLANG_WARN_STRICT_PROTOTYPES = YES;
				CLANG_WARN_SUSPICIOUS_MOVE = YES;
				CLANG_WARN_UNGUARDED_AVAILABILITY = YES_AGGRESSIVE;
				CLANG_WARN_UNREACHABLE_CODE = YES;
				CLANG_WARN__DUPLICATE_METHOD_MATCH = YES;
				COPY_PHASE_STRIP = NO;
				DEBUG_INFORMATION_FORMAT = "dwarf-with-dsym";
				ENABLE_NS_ASSERTIONS = NO;
				ENABLE_STRICT_OBJC_MSGSEND = YES;
				ENABLE_USER_SCRIPT_SANDBOXING = YES;
				GCC_C_LANGUAGE_STANDARD = gnu17;
				GCC_NO_COMMON_BLOCKS = YES;
				GCC_WARN_64_TO_32_BIT_CONVERSION = YES;
				GCC_WARN_ABOUT_RETURN_TYPE = YES_ERROR;
				GCC_WARN_UNDECLARED_SELECTOR = YES;
				GCC_WARN_UNINITIALIZED_AUTOS = YES_AGGRESSIVE;
				GCC_WARN_UNUSED_FUNCTION = YES;
				GCC_WARN_UNUSED_VARIABLE = YES;
				IPHONEOS_DEPLOYMENT_TARGET = 26.0;
				LOCALIZATION_PREFERS_STRING_CATALOGS = YES;
				MTL_ENABLE_DEBUG_INFO = NO;
				MTL_FAST_MATH = YES;
				SDKROOT = iphoneos;
				SWIFT_COMPILATION_MODE = wholemodule;
				VALIDATE_PRODUCT = YES;
			};
			name = Release;
		};
/* End XCBuildConfiguration section */

/* Begin XCConfigurationList section */
		9074C0F82FBD59C00028700F /* Build configuration list for PBXProject "Praise" */ = {
			isa = XCConfigurationList;
			buildConfigurations = (
				9074C1132FBD59C20028700F /* Debug */,
				9074C1142FBD59C20028700F /* Release */,
			);
			defaultConfigurationIsVisible = 0;
			defaultConfigurationName = Release;
		};
		9074C1102FBD59C20028700F /* Build configuration list for PBXNativeTarget "Praise" */ = {
			isa = XCConfigurationList;
			buildConfigurations = (
				9074C1112FBD59C20028700F /* Debug */,
				9074C1122FBD59C20028700F /* Release */,
			);
			defaultConfigurationIsVisible = 0;
			defaultConfigurationName = Release;
		};
/* End XCConfigurationList section */
	};
	rootObject = 9074C0F52FBD59C00028700F /* Project object */;
}
